// !$*UTF8*$!
{
	archiveVersion = 1;
	classes = {
	};
	objectVersion = 46;
	objects = {
/* Begin PBXBuildFile section */
		858B842D18CA22B800AB12DE /* InfoPlist.strings in Resources */ = {isa = PBXBuildFile; fileRef = 858B833A18CA111C00AB12DE /* InfoPlist.strings */; };
		CD45EE7C18DC2D5800FB50C0 /* app in Resources */ = {isa = PBXBuildFile; fileRef = CD45EE7A18DC2D5800FB50C0 /* app */; };
		CD62955D1BB2678900AE3A93 /* main.m in Sources */ = {isa = PBXBuildFile; fileRef = CD62955C1BB2678900AE3A93 /* main.m */; };
		3A6B0332B0014ADFBEA5649F /* Assets.xcassets in Resources */ = {isa = PBXBuildFile; fileRef = 1A8928D7D2EB44BB9A0D0388 /* Assets.xcassets */; };
		81BD470686684D76877B5E88 /* Icon-60@3x.png in Resources */ = {isa = PBXBuildFile; fileRef = 2B0FF575B2B542AD99A2C7F8 /* Icon-60@3x.png */; };
		04F9C882F95B405B8A705F7F /* Icon-Small-40.png in Resources */ = {isa = PBXBuildFile; fileRef = 1B153C7EF39346CFB1217058 /* Icon-Small-40.png */; };
		E4A4EFDA7B1D45828DB1C422 /* Icon-Small-40@2x.png in Resources */ = {isa = PBXBuildFile; fileRef = 656F5388E5934EAEB586F1F4 /* Icon-Small-40@2x.png */; };
		2532B48FB9F448249CEBA67C /* Icon-Small-40@3x.png in Resources */ = {isa = PBXBuildFile; fileRef = B834C5BE32FC45BA94A8DD30 /* Icon-Small-40@3x.png */; };
		EF65531011664206A091241B /* Icon-Small-50.png in Resources */ = {isa = PBXBuildFile; fileRef = 9C4FC30A3FA1475F82B95CA9 /* Icon-Small-50.png */; };
		51CC5B439B21413BB7ED625A /* Icon-Small-50@2x.png in Resources */ = {isa = PBXBuildFile; fileRef = BD3FF494BAB14E6E9735BC09 /* Icon-Small-50@2x.png */; };
		0CC50B444CF34B5D88B6E1EB /* Icon-Small.png in Resources */ = {isa = PBXBuildFile; fileRef = CFE6646C600E4F15AAE5DDEE /* Icon-Small.png */; };
		5067F09EF86444D89A7FFDB6 /* Icon-Small@2x.png in Resources */ = {isa = PBXBuildFile; fileRef = 14C61A473F0444F4AE815469 /* Icon-Small@2x.png */; };
		40E33C58D0FD4379A61D40A2 /* Icon-Small@3x.png in Resources */ = {isa = PBXBuildFile; fileRef = 2D25CB9D03154CC0B9D53B42 /* Icon-Small@3x.png */; };
		9AE131FD604F4420BEF389B9 /* LaunchScreen.storyboard in Resources */ = {isa = PBXBuildFile; fileRef = 2E4E9EBC9B1A43C5ABD83E60 /* LaunchScreen.storyboard */; };
		9076D18A48A34C87A25D2E2F /* add.png in Resources */ = {isa = PBXBuildFile; fileRef = F9CEFA7923094C8792CC98E6 /* add.png */; };
		4A95CA37789E46FA8FE966E9 /* add@2x.png in Resources */ = {isa = PBXBuildFile; fileRef = 5A1E7981AB0D4C9E91A4C2CC /* add@2x.png */; };
		6448902267364D8A85FB967F /* add@3x.png in Resources */ = {isa = PBXBuildFile; fileRef = EF1089C5E77149C7B0CA5C03 /* add@3x.png */; };
		74510178F3D8474F8DA2687F /* apple.png in Resources */ = {isa = PBXBuildFile; fileRef = 1A41395BF655484BB568A860 /* apple.png */; };
		C272C75CEAAC4FCE83407C5D /* apple@2x.png in Resources */ = {isa = PBXBuildFile; fileRef = 87CBA6ED609B4600BE45E999 /* apple@2x.png */; };
		7101FECEBEDB469CA12FBB1D /* apple@3x.png in Resources */ = {isa = PBXBuildFile; fileRef = 3BD82C265BF743108BEAAD98 /* apple@3x.png */; };
		17312F4AB8B249C187CE5A79 /* banana.png in Resources */ = {isa = PBXBuildFile; fileRef = F34F8EB7142D449BA834BAE9 /* banana.png */; };
		160588E12F2C4A0D98E942CF /* banana@2x.png in Resources */ = {isa = PBXBuildFile; fileRef = F9518E2E979547CB95DC4BFB /* banana@2x.png */; };
		B7130B8B08D34C0697E72C3B /* banana@3x.png in Resources */ = {isa = PBXBuildFile; fileRef = 845C316DC93444B8B27EFB28 /* banana@3x.png */; };
		D7001425629A40F6A1669826 /* bg_inner.jpg in Resources */ = {isa = PBXBuildFile; fileRef = 2729A1C386184793BD202F5C /* bg_inner.jpg */; };
		01F7F8F5DAC2434AB4770661 /* bg_inner@2x.jpg in Resources */ = {isa = PBXBuildFile; fileRef = 0ECF83345B334103B756DBA4 /* bg_inner@2x.jpg */; };
		00225EEC7BDD47DDAC038F79 /* bg_inner@3x.jpg in Resources */ = {isa = PBXBuildFile; fileRef = E8389BA28069478882ECF3E1 /* bg_inner@3x.jpg */; };
		719E6D8604354610A397B665 /* bg_login.jpg in Resources */ = {isa = PBXBuildFile; fileRef = B113E57D919442B388242C1C /* bg_login.jpg */; };
		BBEEBC628A744BDE86BD23B3 /* bg_login@2x.jpg in Resources */ = {isa = PBXBuildFile; fileRef = CD86CE07D98146F3A932ECD5 /* bg_login@2x.jpg */; };
		FC124C3D0AAC4E9689FD7724 /* bg_login@3x.jpg in Resources */ = {isa = PBXBuildFile; fileRef = 5D26856501C347BE8EC805CD /* bg_login@3x.jpg */; };
		E49A9E8EC4194ACAA258C5CC /* build.xcconfig in Resources */ = {isa = PBXBuildFile; fileRef = ABFF6986300F41848253B045 /* build.xcconfig */; };
		90B5D71C45D5404B904F9AD6 /* checked.png in Resources */ = {isa = PBXBuildFile; fileRef = 9480DE7CB83D481F935E97FF /* checked.png */; };
		6E1E76B45292486D8E45184C /* checked@2x.png in Resources */ = {isa = PBXBuildFile; fileRef = 3CBED4EB829D42918E53E641 /* checked@2x.png */; };
		357E40FE96FC460AA48B5BBA /* checked@3x.png in Resources */ = {isa = PBXBuildFile; fileRef = 5FB8C0A3FBFB4772A3E0008A /* checked@3x.png */; };
		8DA8A4E63575454EA19A8C13 /* checked_white.png in Resources */ = {isa = PBXBuildFile; fileRef = 3FFA532F459A4A56B305613D /* checked_white.png */; };
		191BA0B060E04EFAB72DC20C /* checked_white@2x.png in Resources */ = {isa = PBXBuildFile; fileRef = FD6889D8314F4527BE53DE90 /* checked_white@2x.png */; };
		FB5056C9E0E24F46A801087B /* checked_white@3x.png in Resources */ = {isa = PBXBuildFile; fileRef = 7AE83697B7CA477BB0528F44 /* checked_white@3x.png */; };
		4176056B8DA643968A0DB68B /* delete.png in Resources */ = {isa = PBXBuildFile; fileRef = 418640EC84B14B68AF8D107E /* delete.png */; };
		F30CD17B16B64CD0A0DB7D96 /* delete@2x.png in Resources */ = {isa = PBXBuildFile; fileRef = B4A2FE895AB240F292E0777D /* delete@2x.png */; };
		8AC5C7AAFBDB474A941937E5 /* delete@3x.png in Resources */ = {isa = PBXBuildFile; fileRef = 09066CC8BDAA470A937DE911 /* delete@3x.png */; };
		6BA8D40B2D3243ADA04EEE7D /* iTunesArtwork@2x.png in Resources */ = {isa = PBXBuildFile; fileRef = B9E98B9DDDE441E596B4EF80 /* iTunesArtwork@2x.png */; };
		25CF1CA7088A42AA99931063 /* icon-60.png in Resources */ = {isa = PBXBuildFile; fileRef = BC60E98F24544642A94A0EF8 /* icon-60.png */; };
		57B29900F61541459C4552C7 /* icon-60@2x.png in Resources */ = {isa = PBXBuildFile; fileRef = F049C48174D7420E88B01761 /* icon-60@2x.png */; };
		6FC22E3404D2464CB01FFDFC /* icon-72.png in Resources */ = {isa = PBXBuildFile; fileRef = C24501C7A32B4D538A1EBB34 /* icon-72.png */; };
		C584F0F276F743BA97CF7EA1 /* icon-72@2x.png in Resources */ = {isa = PBXBuildFile; fileRef = EA76FB30E0EC482AB64175D9 /* icon-72@2x.png */; };
		C59D9B2245344F108FA17DDF /* icon-76.png in Resources */ = {isa = PBXBuildFile; fileRef = 58611C129F894C6A94803AA2 /* icon-76.png */; };
		DC67F628CE9045F786E130A2 /* icon-76@2x.png in Resources */ = {isa = PBXBuildFile; fileRef = 7CD54DA9A255400AA0523AB6 /* icon-76@2x.png */; };
		C4DF09555D304B75A05BF49F /* icon.png in Resources */ = {isa = PBXBuildFile; fileRef = A7DB228AB62640A389381A7B /* icon.png */; };
		FD8FDA3E7400459188B9B3FE /* icon@2x.png in Resources */ = {isa = PBXBuildFile; fileRef = 8D36EB4AE30343F1954AD7AB /* icon@2x.png */; };
		41853B88CAC247F8AD45EE33 /* logo_login.png in Resources */ = {isa = PBXBuildFile; fileRef = ADF4F1FA54C845F99F492649 /* logo_login.png */; };
		E611A9E429364ECD95310BD3 /* logo_login@2x.png in Resources */ = {isa = PBXBuildFile; fileRef = 0170AC8824DF41DB9BFA5E7C /* logo_login@2x.png */; };
		21138B046FBF4BE8B51F9B27 /* logo_login@3x.png in Resources */ = {isa = PBXBuildFile; fileRef = 01C7353667364FFB91216610 /* logo_login@3x.png */; };
		D20FF91A339447D5B8D94223 /* logo_signup.png in Resources */ = {isa = PBXBuildFile; fileRef = FBD398513049479EA904251B /* logo_signup.png */; };
		F07CEC6F4BD7443C97AE0729 /* logo_signup@2x.png in Resources */ = {isa = PBXBuildFile; fileRef = C007F4B092E94B988B428902 /* logo_signup@2x.png */; };
		F8B33180AA084EB89935A05A /* logo_signup@3x.png in Resources */ = {isa = PBXBuildFile; fileRef = 277E9C795C3A48D5ADE2454E /* logo_signup@3x.png */; };
		3C237A5B5D824D6AA82D862E /* menu.png in Resources */ = {isa = PBXBuildFile; fileRef = 7C6703ACA8404570B6F76B6D /* menu.png */; };
		AB93868B9D284A5FA3432F1F /* menu@2x.png in Resources */ = {isa = PBXBuildFile; fileRef = F9CFD176E61945BF94A04233 /* menu@2x.png */; };
		6F97AF517F544584AC7FE379 /* menu@3x.png in Resources */ = {isa = PBXBuildFile; fileRef = 02E1029DC0874626A9F3CE37 /* menu@3x.png */; };
		AC9F0DB42CF541E2A4A58139 /* nonselected.png in Resources */ = {isa = PBXBuildFile; fileRef = B174E3D8914B4ACA814E4779 /* nonselected.png */; };
		94C1BBD04F004382857D97A1 /* nonselected@2x.png in Resources */ = {isa = PBXBuildFile; fileRef = 3264960B18864239AE2FA151 /* nonselected@2x.png */; };
		B61AC74058C3406FA3062FBB /* nonselected@3x.png in Resources */ = {isa = PBXBuildFile; fileRef = 76B59C97B7A84B4388E77D1F /* nonselected@3x.png */; };
		5AD45003A1FD48CCB9599217 /* pear.png in Resources */ = {isa = PBXBuildFile; fileRef = 9A56C1B3C9EE4784BF5FA398 /* pear.png */; };
		F6EFB98A813F4043B6708868 /* pear@2x.png in Resources */ = {isa = PBXBuildFile; fileRef = CB4158E733D8442EB7670A5B /* pear@2x.png */; };
		B6AFCB17AC734FA9B3679733 /* pear@3x.png in Resources */ = {isa = PBXBuildFile; fileRef = 72CD1A5BBD3A45ACB96DB1CD /* pear@3x.png */; };
		C0518E33E7E948F59E92E5D1 /* recent.png in Resources */ = {isa = PBXBuildFile; fileRef = 2D0A4B07BF304657B4B1F6F3 /* recent.png */; };
		DA36760608D84D48BD9C8262 /* recent@2x.png in Resources */ = {isa = PBXBuildFile; fileRef = 3F0B43D8C4A440498E3034BD /* recent@2x.png */; };
		9EB5254E26F540F881D12E0C /* recent@3x.png in Resources */ = {isa = PBXBuildFile; fileRef = 56DC7275C7B74EB6B80D4FA6 /* recent@3x.png */; };
		7639ED61271144E28F28FA31 /* selected.png in Resources */ = {isa = PBXBuildFile; fileRef = 9E8B2CE100D740F1BF21C010 /* selected.png */; };
		DCDBB9E9B44040998520AF3D /* selected@2x.png in Resources */ = {isa = PBXBuildFile; fileRef = C48308ECE5E34410827ABB52 /* selected@2x.png */; };
		0D281F73A89E4CC6BAB1ACB9 /* selected@3x.png in Resources */ = {isa = PBXBuildFile; fileRef = 100BBA680CFA4BB0B3841592 /* selected@3x.png */; };
		ED4A8BD31C234E919CA6A001 /* unchecked.png in Resources */ = {isa = PBXBuildFile; fileRef = A5ADB8F008D84C7984839D48 /* unchecked.png */; };
		CC1522C65F914CC2AA825CDD /* unchecked@2x.png in Resources */ = {isa = PBXBuildFile; fileRef = 8D6C92DDA30C4CC09149670D /* unchecked@2x.png */; };
		7066ABB58E2D4D7BB40F6EF7 /* unchecked@3x.png in Resources */ = {isa = PBXBuildFile; fileRef = B1DDD3E2C45342F9ACD1550F /* unchecked@3x.png */; };
		906861CFF3964D50A6B6F3C6 /* unchecked_white.png in Resources */ = {isa = PBXBuildFile; fileRef = AD757F5EF1A64B6F9C05EA77 /* unchecked_white.png */; };
		E42416DF7E7A4427AEB2EEA2 /* unchecked_white@2x.png in Resources */ = {isa = PBXBuildFile; fileRef = 53A77C28EF2F4C58A7C3E43B /* unchecked_white@2x.png */; };
		08580A942FE7492F9C75B8C9 /* unchecked_white@3x.png in Resources */ = {isa = PBXBuildFile; fileRef = 06EA82CE5E61473B92D5523E /* unchecked_white@3x.png */; };
		F89E367A7C094BC5A783AACC /* TNSWidgets.framework in Frameworks */ = {isa = PBXBuildFile; fileRef = D1D46EC1840C40E3878D4178 /* TNSWidgets.framework */; };
		4A27CBEF33C84CC1B6123F0A /* TNSWidgets.framework in Embed Frameworks */ = {isa = PBXBuildFile; fileRef = D1D46EC1840C40E3878D4178 /* TNSWidgets.framework */; settings = {ATTRIBUTES = (CodeSignOnCopy, RemoveHeadersOnCopy, ); }; };
/* End PBXBuildFile section */

/* Begin PBXCopyFilesBuildPhase section */
		85F5BDFC1A9363BE006B9701 /* Embed Frameworks */ = {
			isa = PBXCopyFilesBuildPhase;
			buildActionMask = 2147483647;
			dstPath = "";
			dstSubfolderSpec = 10;
			files = (
				4A27CBEF33C84CC1B6123F0A /* TNSWidgets.framework in Embed Frameworks */,
			);
			name = "Embed Frameworks";
			runOnlyForDeploymentPostprocessing = 0;
		};
/* End PBXCopyFilesBuildPhase section */

/* Begin PBXFileReference section */
		858B832E18CA111C00AB12DE /* Groceries.app */ = {isa = PBXFileReference; explicitFileType = wrapper.application; includeInIndex = 0; path = Groceries.app; sourceTree = BUILT_PRODUCTS_DIR; };
		858B833918CA111C00AB12DE /* Groceries-Info.plist */ = {isa = PBXFileReference; lastKnownFileType = text.plist.xml; path = "Groceries-Info.plist"; sourceTree = "<group>"; };
		858B833B18CA111C00AB12DE /* en */ = {isa = PBXFileReference; lastKnownFileType = text.plist.strings; name = en; path = en.lproj/InfoPlist.strings; sourceTree = "<group>"; };
		858B833F18CA111C00AB12DE /* Groceries-Prefix.pch */ = {isa = PBXFileReference; lastKnownFileType = sourcecode.c.h; path = "Groceries-Prefix.pch"; sourceTree = "<group>"; };
		858B843318CA22B800AB12DE /* Groceries.app */ = {isa = PBXFileReference; explicitFileType = wrapper.application; includeInIndex = 0; path = Groceries.app; sourceTree = BUILT_PRODUCTS_DIR; };
		CD45EE7A18DC2D5800FB50C0 /* app */ = {isa = PBXFileReference; lastKnownFileType = folder; path = app; sourceTree = "<group>"; };
		CD62955C1BB2678900AE3A93 /* main.m */ = {isa = PBXFileReference; fileEncoding = 4; lastKnownFileType = sourcecode.c.objc; name = main.m; path = internal/main.m; sourceTree = SOURCE_ROOT; };
		CDD59A261BB43B5D00EC2671 /* build-debug.xcconfig */ = {isa = PBXFileReference; fileEncoding = 4; lastKnownFileType = text.xcconfig; path = "build-debug.xcconfig"; sourceTree = "<group>"; };
		CDD59A271BB43B5D00EC2671 /* build-release.xcconfig */ = {isa = PBXFileReference; fileEncoding = 4; lastKnownFileType = text.xcconfig; path = "build-release.xcconfig"; sourceTree = "<group>"; };
		CDF4743E1BA4855C0087EA85 /* build.xcconfig */ = {isa = PBXFileReference; fileEncoding = 4; lastKnownFileType = text.xcconfig; path = build.xcconfig; sourceTree = "<group>"; };
		1A8928D7D2EB44BB9A0D0388 /* Assets.xcassets */ = {isa = PBXFileReference; lastKnownFileType = unknown; name = Assets.xcassets; path = "Groceries/Resources/Assets.xcassets"; sourceTree = "<group>"; fileEncoding = 4; };
		2B0FF575B2B542AD99A2C7F8 /* Icon-60@3x.png */ = {isa = PBXFileReference; lastKnownFileType = image.png; name = "Icon-60@3x.png"; path = "Groceries/Resources/Icon-60@3x.png"; sourceTree = "<group>"; };
		1B153C7EF39346CFB1217058 /* Icon-Small-40.png */ = {isa = PBXFileReference; lastKnownFileType = image.png; name = "Icon-Small-40.png"; path = "Groceries/Resources/Icon-Small-40.png"; sourceTree = "<group>"; };
		656F5388E5934EAEB586F1F4 /* Icon-Small-40@2x.png */ = {isa = PBXFileReference; lastKnownFileType = image.png; name = "Icon-Small-40@2x.png"; path = "Groceries/Resources/Icon-Small-40@2x.png"; sourceTree = "<group>"; };
		B834C5BE32FC45BA94A8DD30 /* Icon-Small-40@3x.png */ = {isa = PBXFileReference; lastKnownFileType = image.png; name = "Icon-Small-40@3x.png"; path = "Groceries/Resources/Icon-Small-40@3x.png"; sourceTree = "<group>"; };
		9C4FC30A3FA1475F82B95CA9 /* Icon-Small-50.png */ = {isa = PBXFileReference; lastKnownFileType = image.png; name = "Icon-Small-50.png"; path = "Groceries/Resources/Icon-Small-50.png"; sourceTree = "<group>"; };
		BD3FF494BAB14E6E9735BC09 /* Icon-Small-50@2x.png */ = {isa = PBXFileReference; lastKnownFileType = image.png; name = "Icon-Small-50@2x.png"; path = "Groceries/Resources/Icon-Small-50@2x.png"; sourceTree = "<group>"; };
		CFE6646C600E4F15AAE5DDEE /* Icon-Small.png */ = {isa = PBXFileReference; lastKnownFileType = image.png; name = "Icon-Small.png"; path = "Groceries/Resources/Icon-Small.png"; sourceTree = "<group>"; };
		14C61A473F0444F4AE815469 /* Icon-Small@2x.png */ = {isa = PBXFileReference; lastKnownFileType = image.png; name = "Icon-Small@2x.png"; path = "Groceries/Resources/Icon-Small@2x.png"; sourceTree = "<group>"; };
		2D25CB9D03154CC0B9D53B42 /* Icon-Small@3x.png */ = {isa = PBXFileReference; lastKnownFileType = image.png; name = "Icon-Small@3x.png"; path = "Groceries/Resources/Icon-Small@3x.png"; sourceTree = "<group>"; };
		2E4E9EBC9B1A43C5ABD83E60 /* LaunchScreen.storyboard */ = {isa = PBXFileReference; lastKnownFileType = unknown; name = LaunchScreen.storyboard; path = "Groceries/Resources/LaunchScreen.storyboard"; sourceTree = "<group>"; fileEncoding = 4; };
		F9CEFA7923094C8792CC98E6 /* add.png */ = {isa = PBXFileReference; lastKnownFileType = image.png; name = add.png; path = "Groceries/Resources/add.png"; sourceTree = "<group>"; };
		5A1E7981AB0D4C9E91A4C2CC /* add@2x.png */ = {isa = PBXFileReference; lastKnownFileType = image.png; name = "add@2x.png"; path = "Groceries/Resources/add@2x.png"; sourceTree = "<group>"; };
		EF1089C5E77149C7B0CA5C03 /* add@3x.png */ = {isa = PBXFileReference; lastKnownFileType = image.png; name = "add@3x.png"; path = "Groceries/Resources/add@3x.png"; sourceTree = "<group>"; };
		1A41395BF655484BB568A860 /* apple.png */ = {isa = PBXFileReference; lastKnownFileType = image.png; name = apple.png; path = "Groceries/Resources/apple.png"; sourceTree = "<group>"; };
		87CBA6ED609B4600BE45E999 /* apple@2x.png */ = {isa = PBXFileReference; lastKnownFileType = image.png; name = "apple@2x.png"; path = "Groceries/Resources/apple@2x.png"; sourceTree = "<group>"; };
		3BD82C265BF743108BEAAD98 /* apple@3x.png */ = {isa = PBXFileReference; lastKnownFileType = image.png; name = "apple@3x.png"; path = "Groceries/Resources/apple@3x.png"; sourceTree = "<group>"; };
		F34F8EB7142D449BA834BAE9 /* banana.png */ = {isa = PBXFileReference; lastKnownFileType = image.png; name = banana.png; path = "Groceries/Resources/banana.png"; sourceTree = "<group>"; };
		F9518E2E979547CB95DC4BFB /* banana@2x.png */ = {isa = PBXFileReference; lastKnownFileType = image.png; name = "banana@2x.png"; path = "Groceries/Resources/banana@2x.png"; sourceTree = "<group>"; };
		845C316DC93444B8B27EFB28 /* banana@3x.png */ = {isa = PBXFileReference; lastKnownFileType = image.png; name = "banana@3x.png"; path = "Groceries/Resources/banana@3x.png"; sourceTree = "<group>"; };
		2729A1C386184793BD202F5C /* bg_inner.jpg */ = {isa = PBXFileReference; lastKnownFileType = unknown; name = bg_inner.jpg; path = "Groceries/Resources/bg_inner.jpg"; sourceTree = "<group>"; fileEncoding = 4; };
		0ECF83345B334103B756DBA4 /* bg_inner@2x.jpg */ = {isa = PBXFileReference; lastKnownFileType = unknown; name = "bg_inner@2x.jpg"; path = "Groceries/Resources/bg_inner@2x.jpg"; sourceTree = "<group>"; fileEncoding = 4; };
		E8389BA28069478882ECF3E1 /* bg_inner@3x.jpg */ = {isa = PBXFileReference; lastKnownFileType = unknown; name = "bg_inner@3x.jpg"; path = "Groceries/Resources/bg_inner@3x.jpg"; sourceTree = "<group>"; fileEncoding = 4; };
		B113E57D919442B388242C1C /* bg_login.jpg */ = {isa = PBXFileReference; lastKnownFileType = unknown; name = bg_login.jpg; path = "Groceries/Resources/bg_login.jpg"; sourceTree = "<group>"; fileEncoding = 4; };
		CD86CE07D98146F3A932ECD5 /* bg_login@2x.jpg */ = {isa = PBXFileReference; lastKnownFileType = unknown; name = "bg_login@2x.jpg"; path = "Groceries/Resources/bg_login@2x.jpg"; sourceTree = "<group>"; fileEncoding = 4; };
		5D26856501C347BE8EC805CD /* bg_login@3x.jpg */ = {isa = PBXFileReference; lastKnownFileType = unknown; name = "bg_login@3x.jpg"; path = "Groceries/Resources/bg_login@3x.jpg"; sourceTree = "<group>"; fileEncoding = 4; };
		ABFF6986300F41848253B045 /* build.xcconfig */ = {isa = PBXFileReference; lastKnownFileType = unknown; name = build.xcconfig; path = "Groceries/Resources/build.xcconfig"; sourceTree = "<group>"; fileEncoding = 4; };
		9480DE7CB83D481F935E97FF /* checked.png */ = {isa = PBXFileReference; lastKnownFileType = image.png; name = checked.png; path = "Groceries/Resources/checked.png"; sourceTree = "<group>"; };
		3CBED4EB829D42918E53E641 /* checked@2x.png */ = {isa = PBXFileReference; lastKnownFileType = image.png; name = "checked@2x.png"; path = "Groceries/Resources/checked@2x.png"; sourceTree = "<group>"; };
		5FB8C0A3FBFB4772A3E0008A /* checked@3x.png */ = {isa = PBXFileReference; lastKnownFileType = image.png; name = "checked@3x.png"; path = "Groceries/Resources/checked@3x.png"; sourceTree = "<group>"; };
		3FFA532F459A4A56B305613D /* checked_white.png */ = {isa = PBXFileReference; lastKnownFileType = image.png; name = checked_white.png; path = "Groceries/Resources/checked_white.png"; sourceTree = "<group>"; };
		FD6889D8314F4527BE53DE90 /* checked_white@2x.png */ = {isa = PBXFileReference; lastKnownFileType = image.png; name = "checked_white@2x.png"; path = "Groceries/Resources/checked_white@2x.png"; sourceTree = "<group>"; };
		7AE83697B7CA477BB0528F44 /* checked_white@3x.png */ = {isa = PBXFileReference; lastKnownFileType = image.png; name = "checked_white@3x.png"; path = "Groceries/Resources/checked_white@3x.png"; sourceTree = "<group>"; };
		418640EC84B14B68AF8D107E /* delete.png */ = {isa = PBXFileReference; lastKnownFileType = image.png; name = delete.png; path = "Groceries/Resources/delete.png"; sourceTree = "<group>"; };
		B4A2FE895AB240F292E0777D /* delete@2x.png */ = {isa = PBXFileReference; lastKnownFileType = image.png; name = "delete@2x.png"; path = "Groceries/Resources/delete@2x.png"; sourceTree = "<group>"; };
		09066CC8BDAA470A937DE911 /* delete@3x.png */ = {isa = PBXFileReference; lastKnownFileType = image.png; name = "delete@3x.png"; path = "Groceries/Resources/delete@3x.png"; sourceTree = "<group>"; };
		B9E98B9DDDE441E596B4EF80 /* iTunesArtwork@2x.png */ = {isa = PBXFileReference; lastKnownFileType = image.png; name = "iTunesArtwork@2x.png"; path = "Groceries/Resources/iTunesArtwork@2x.png"; sourceTree = "<group>"; };
		BC60E98F24544642A94A0EF8 /* icon-60.png */ = {isa = PBXFileReference; lastKnownFileType = image.png; name = "icon-60.png"; path = "Groceries/Resources/icon-60.png"; sourceTree = "<group>"; };
		F049C48174D7420E88B01761 /* icon-60@2x.png */ = {isa = PBXFileReference; lastKnownFileType = image.png; name = "icon-60@2x.png"; path = "Groceries/Resources/icon-60@2x.png"; sourceTree = "<group>"; };
		C24501C7A32B4D538A1EBB34 /* icon-72.png */ = {isa = PBXFileReference; lastKnownFileType = image.png; name = "icon-72.png"; path = "Groceries/Resources/icon-72.png"; sourceTree = "<group>"; };
		EA76FB30E0EC482AB64175D9 /* icon-72@2x.png */ = {isa = PBXFileReference; lastKnownFileType = image.png; name = "icon-72@2x.png"; path = "Groceries/Resources/icon-72@2x.png"; sourceTree = "<group>"; };
		58611C129F894C6A94803AA2 /* icon-76.png */ = {isa = PBXFileReference; lastKnownFileType = image.png; name = "icon-76.png"; path = "Groceries/Resources/icon-76.png"; sourceTree = "<group>"; };
		7CD54DA9A255400AA0523AB6 /* icon-76@2x.png */ = {isa = PBXFileReference; lastKnownFileType = image.png; name = "icon-76@2x.png"; path = "Groceries/Resources/icon-76@2x.png"; sourceTree = "<group>"; };
		A7DB228AB62640A389381A7B /* icon.png */ = {isa = PBXFileReference; lastKnownFileType = image.png; name = icon.png; path = "Groceries/Resources/icon.png"; sourceTree = "<group>"; };
		8D36EB4AE30343F1954AD7AB /* icon@2x.png */ = {isa = PBXFileReference; lastKnownFileType = image.png; name = "icon@2x.png"; path = "Groceries/Resources/icon@2x.png"; sourceTree = "<group>"; };
		ADF4F1FA54C845F99F492649 /* logo_login.png */ = {isa = PBXFileReference; lastKnownFileType = image.png; name = logo_login.png; path = "Groceries/Resources/logo_login.png"; sourceTree = "<group>"; };
		0170AC8824DF41DB9BFA5E7C /* logo_login@2x.png */ = {isa = PBXFileReference; lastKnownFileType = image.png; name = "logo_login@2x.png"; path = "Groceries/Resources/logo_login@2x.png"; sourceTree = "<group>"; };
		01C7353667364FFB91216610 /* logo_login@3x.png */ = {isa = PBXFileReference; lastKnownFileType = image.png; name = "logo_login@3x.png"; path = "Groceries/Resources/logo_login@3x.png"; sourceTree = "<group>"; };
		FBD398513049479EA904251B /* logo_signup.png */ = {isa = PBXFileReference; lastKnownFileType = image.png; name = logo_signup.png; path = "Groceries/Resources/logo_signup.png"; sourceTree = "<group>"; };
		C007F4B092E94B988B428902 /* logo_signup@2x.png */ = {isa = PBXFileReference; lastKnownFileType = image.png; name = "logo_signup@2x.png"; path = "Groceries/Resources/logo_signup@2x.png"; sourceTree = "<group>"; };
		277E9C795C3A48D5ADE2454E /* logo_signup@3x.png */ = {isa = PBXFileReference; lastKnownFileType = image.png; name = "logo_signup@3x.png"; path = "Groceries/Resources/logo_signup@3x.png"; sourceTree = "<group>"; };
		7C6703ACA8404570B6F76B6D /* menu.png */ = {isa = PBXFileReference; lastKnownFileType = image.png; name = menu.png; path = "Groceries/Resources/menu.png"; sourceTree = "<group>"; };
		F9CFD176E61945BF94A04233 /* menu@2x.png */ = {isa = PBXFileReference; lastKnownFileType = image.png; name = "menu@2x.png"; path = "Groceries/Resources/menu@2x.png"; sourceTree = "<group>"; };
		02E1029DC0874626A9F3CE37 /* menu@3x.png */ = {isa = PBXFileReference; lastKnownFileType = image.png; name = "menu@3x.png"; path = "Groceries/Resources/menu@3x.png"; sourceTree = "<group>"; };
		B174E3D8914B4ACA814E4779 /* nonselected.png */ = {isa = PBXFileReference; lastKnownFileType = image.png; name = nonselected.png; path = "Groceries/Resources/nonselected.png"; sourceTree = "<group>"; };
		3264960B18864239AE2FA151 /* nonselected@2x.png */ = {isa = PBXFileReference; lastKnownFileType = image.png; name = "nonselected@2x.png"; path = "Groceries/Resources/nonselected@2x.png"; sourceTree = "<group>"; };
		76B59C97B7A84B4388E77D1F /* nonselected@3x.png */ = {isa = PBXFileReference; lastKnownFileType = image.png; name = "nonselected@3x.png"; path = "Groceries/Resources/nonselected@3x.png"; sourceTree = "<group>"; };
		9A56C1B3C9EE4784BF5FA398 /* pear.png */ = {isa = PBXFileReference; lastKnownFileType = image.png; name = pear.png; path = "Groceries/Resources/pear.png"; sourceTree = "<group>"; };
		CB4158E733D8442EB7670A5B /* pear@2x.png */ = {isa = PBXFileReference; lastKnownFileType = image.png; name = "pear@2x.png"; path = "Groceries/Resources/pear@2x.png"; sourceTree = "<group>"; };
		72CD1A5BBD3A45ACB96DB1CD /* pear@3x.png */ = {isa = PBXFileReference; lastKnownFileType = image.png; name = "pear@3x.png"; path = "Groceries/Resources/pear@3x.png"; sourceTree = "<group>"; };
		2D0A4B07BF304657B4B1F6F3 /* recent.png */ = {isa = PBXFileReference; lastKnownFileType = image.png; name = recent.png; path = "Groceries/Resources/recent.png"; sourceTree = "<group>"; };
		3F0B43D8C4A440498E3034BD /* recent@2x.png */ = {isa = PBXFileReference; lastKnownFileType = image.png; name = "recent@2x.png"; path = "Groceries/Resources/recent@2x.png"; sourceTree = "<group>"; };
		56DC7275C7B74EB6B80D4FA6 /* recent@3x.png */ = {isa = PBXFileReference; lastKnownFileType = image.png; name = "recent@3x.png"; path = "Groceries/Resources/recent@3x.png"; sourceTree = "<group>"; };
		9E8B2CE100D740F1BF21C010 /* selected.png */ = {isa = PBXFileReference; lastKnownFileType = image.png; name = selected.png; path = "Groceries/Resources/selected.png"; sourceTree = "<group>"; };
		C48308ECE5E34410827ABB52 /* selected@2x.png */ = {isa = PBXFileReference; lastKnownFileType = image.png; name = "selected@2x.png"; path = "Groceries/Resources/selected@2x.png"; sourceTree = "<group>"; };
		100BBA680CFA4BB0B3841592 /* selected@3x.png */ = {isa = PBXFileReference; lastKnownFileType = image.png; name = "selected@3x.png"; path = "Groceries/Resources/selected@3x.png"; sourceTree = "<group>"; };
		A5ADB8F008D84C7984839D48 /* unchecked.png */ = {isa = PBXFileReference; lastKnownFileType = image.png; name = unchecked.png; path = "Groceries/Resources/unchecked.png"; sourceTree = "<group>"; };
		8D6C92DDA30C4CC09149670D /* unchecked@2x.png */ = {isa = PBXFileReference; lastKnownFileType = image.png; name = "unchecked@2x.png"; path = "Groceries/Resources/unchecked@2x.png"; sourceTree = "<group>"; };
		B1DDD3E2C45342F9ACD1550F /* unchecked@3x.png */ = {isa = PBXFileReference; lastKnownFileType = image.png; name = "unchecked@3x.png"; path = "Groceries/Resources/unchecked@3x.png"; sourceTree = "<group>"; };
		AD757F5EF1A64B6F9C05EA77 /* unchecked_white.png */ = {isa = PBXFileReference; lastKnownFileType = image.png; name = unchecked_white.png; path = "Groceries/Resources/unchecked_white.png"; sourceTree = "<group>"; };
		53A77C28EF2F4C58A7C3E43B /* unchecked_white@2x.png */ = {isa = PBXFileReference; lastKnownFileType = image.png; name = "unchecked_white@2x.png"; path = "Groceries/Resources/unchecked_white@2x.png"; sourceTree = "<group>"; };
		06EA82CE5E61473B92D5523E /* unchecked_white@3x.png */ = {isa = PBXFileReference; lastKnownFileType = image.png; name = "unchecked_white@3x.png"; path = "Groceries/Resources/unchecked_white@3x.png"; sourceTree = "<group>"; };
		D1D46EC1840C40E3878D4178 /* TNSWidgets.framework */ = {isa = PBXFileReference; lastKnownFileType = wrapper.framework; name = TNSWidgets.framework; path = "$(SRCROOT)/../../node_modules/tns-core-modules-widgets/platforms/ios/TNSWidgets.framework"; sourceTree = "<group>"; };
/* End PBXFileReference section */

/* Begin PBXFrameworksBuildPhase section */
		858B83F418CA22B800AB12DE /* Frameworks */ = {
			isa = PBXFrameworksBuildPhase;
			buildActionMask = 2147483647;
			files = (
				F89E367A7C094BC5A783AACC /* TNSWidgets.framework in Frameworks */,
			);
			runOnlyForDeploymentPostprocessing = 0;
		};
/* End PBXFrameworksBuildPhase section */

/* Begin PBXGroup section */
		858B832518CA111C00AB12DE = {
			isa = PBXGroup;
			children = (
				E070579D1B39A9D000214BF1 /* Resources */,
				858B833718CA111C00AB12DE /* Groceries */,
				858B833018CA111C00AB12DE /* Frameworks */,
				858B832F18CA111C00AB12DE /* Products */,
			);
			sourceTree = "<group>";
		};
		858B832F18CA111C00AB12DE /* Products */ = {
			isa = PBXGroup;
			children = (
				858B832E18CA111C00AB12DE /* Groceries.app */,
				858B843318CA22B800AB12DE /* Groceries.app */,
			);
			name = Products;
			sourceTree = "<group>";
		};
		858B833018CA111C00AB12DE /* Frameworks */ = {
			isa = PBXGroup;
			children = (
				D1D46EC1840C40E3878D4178 /* TNSWidgets.framework */,
			);
			name = Frameworks;
			sourceTree = "<group>";
		};
		858B833718CA111C00AB12DE /* Groceries */ = {
			isa = PBXGroup;
			children = (
				CD45EE7A18DC2D5800FB50C0 /* app */,
				858B833818CA111C00AB12DE /* Supporting Files */,
			);
			path = Groceries;
			sourceTree = "<group>";
		};
		858B833818CA111C00AB12DE /* Supporting Files */ = {
			isa = PBXGroup;
			children = (
				CDF4743E1BA4855C0087EA85 /* build.xcconfig */,
				CDD59A261BB43B5D00EC2671 /* build-debug.xcconfig */,
				CDD59A271BB43B5D00EC2671 /* build-release.xcconfig */,
				858B833918CA111C00AB12DE /* Groceries-Info.plist */,
				858B833A18CA111C00AB12DE /* InfoPlist.strings */,
				CD62955C1BB2678900AE3A93 /* main.m */,
				858B833F18CA111C00AB12DE /* Groceries-Prefix.pch */,
			);
			name = "Supporting Files";
			sourceTree = "<group>";
		};
		E070579D1B39A9D000214BF1 /* Resources */ = {
			isa = PBXGroup;
			children = (
				1A8928D7D2EB44BB9A0D0388 /* Assets.xcassets */,
				2B0FF575B2B542AD99A2C7F8 /* Icon-60@3x.png */,
				1B153C7EF39346CFB1217058 /* Icon-Small-40.png */,
				656F5388E5934EAEB586F1F4 /* Icon-Small-40@2x.png */,
				B834C5BE32FC45BA94A8DD30 /* Icon-Small-40@3x.png */,
				9C4FC30A3FA1475F82B95CA9 /* Icon-Small-50.png */,
				BD3FF494BAB14E6E9735BC09 /* Icon-Small-50@2x.png */,
				CFE6646C600E4F15AAE5DDEE /* Icon-Small.png */,
				14C61A473F0444F4AE815469 /* Icon-Small@2x.png */,
				2D25CB9D03154CC0B9D53B42 /* Icon-Small@3x.png */,
				2E4E9EBC9B1A43C5ABD83E60 /* LaunchScreen.storyboard */,
				F9CEFA7923094C8792CC98E6 /* add.png */,
				5A1E7981AB0D4C9E91A4C2CC /* add@2x.png */,
				EF1089C5E77149C7B0CA5C03 /* add@3x.png */,
				1A41395BF655484BB568A860 /* apple.png */,
				87CBA6ED609B4600BE45E999 /* apple@2x.png */,
				3BD82C265BF743108BEAAD98 /* apple@3x.png */,
				F34F8EB7142D449BA834BAE9 /* banana.png */,
				F9518E2E979547CB95DC4BFB /* banana@2x.png */,
				845C316DC93444B8B27EFB28 /* banana@3x.png */,
				2729A1C386184793BD202F5C /* bg_inner.jpg */,
				0ECF83345B334103B756DBA4 /* bg_inner@2x.jpg */,
				E8389BA28069478882ECF3E1 /* bg_inner@3x.jpg */,
				B113E57D919442B388242C1C /* bg_login.jpg */,
				CD86CE07D98146F3A932ECD5 /* bg_login@2x.jpg */,
				5D26856501C347BE8EC805CD /* bg_login@3x.jpg */,
				ABFF6986300F41848253B045 /* build.xcconfig */,
				9480DE7CB83D481F935E97FF /* checked.png */,
				3CBED4EB829D42918E53E641 /* checked@2x.png */,
				5FB8C0A3FBFB4772A3E0008A /* checked@3x.png */,
				3FFA532F459A4A56B305613D /* checked_white.png */,
				FD6889D8314F4527BE53DE90 /* checked_white@2x.png */,
				7AE83697B7CA477BB0528F44 /* checked_white@3x.png */,
				418640EC84B14B68AF8D107E /* delete.png */,
				B4A2FE895AB240F292E0777D /* delete@2x.png */,
				09066CC8BDAA470A937DE911 /* delete@3x.png */,
				B9E98B9DDDE441E596B4EF80 /* iTunesArtwork@2x.png */,
				BC60E98F24544642A94A0EF8 /* icon-60.png */,
				F049C48174D7420E88B01761 /* icon-60@2x.png */,
				C24501C7A32B4D538A1EBB34 /* icon-72.png */,
				EA76FB30E0EC482AB64175D9 /* icon-72@2x.png */,
				58611C129F894C6A94803AA2 /* icon-76.png */,
				7CD54DA9A255400AA0523AB6 /* icon-76@2x.png */,
				A7DB228AB62640A389381A7B /* icon.png */,
				8D36EB4AE30343F1954AD7AB /* icon@2x.png */,
				ADF4F1FA54C845F99F492649 /* logo_login.png */,
				0170AC8824DF41DB9BFA5E7C /* logo_login@2x.png */,
				01C7353667364FFB91216610 /* logo_login@3x.png */,
				FBD398513049479EA904251B /* logo_signup.png */,
				C007F4B092E94B988B428902 /* logo_signup@2x.png */,
				277E9C795C3A48D5ADE2454E /* logo_signup@3x.png */,
				7C6703ACA8404570B6F76B6D /* menu.png */,
				F9CFD176E61945BF94A04233 /* menu@2x.png */,
				02E1029DC0874626A9F3CE37 /* menu@3x.png */,
				B174E3D8914B4ACA814E4779 /* nonselected.png */,
				3264960B18864239AE2FA151 /* nonselected@2x.png */,
				76B59C97B7A84B4388E77D1F /* nonselected@3x.png */,
				9A56C1B3C9EE4784BF5FA398 /* pear.png */,
				CB4158E733D8442EB7670A5B /* pear@2x.png */,
				72CD1A5BBD3A45ACB96DB1CD /* pear@3x.png */,
				2D0A4B07BF304657B4B1F6F3 /* recent.png */,
				3F0B43D8C4A440498E3034BD /* recent@2x.png */,
				56DC7275C7B74EB6B80D4FA6 /* recent@3x.png */,
				9E8B2CE100D740F1BF21C010 /* selected.png */,
				C48308ECE5E34410827ABB52 /* selected@2x.png */,
				100BBA680CFA4BB0B3841592 /* selected@3x.png */,
				A5ADB8F008D84C7984839D48 /* unchecked.png */,
				8D6C92DDA30C4CC09149670D /* unchecked@2x.png */,
				B1DDD3E2C45342F9ACD1550F /* unchecked@3x.png */,
				AD757F5EF1A64B6F9C05EA77 /* unchecked_white.png */,
				53A77C28EF2F4C58A7C3E43B /* unchecked_white@2x.png */,
				06EA82CE5E61473B92D5523E /* unchecked_white@3x.png */,
			);
			name = Resources;
			sourceTree = "<group>";
		};
/* End PBXGroup section */

/* Begin PBXNativeTarget section */
		858B83EF18CA22B800AB12DE /* Groceries */ = {
			isa = PBXNativeTarget;
			buildConfigurationList = 858B843018CA22B800AB12DE /* Build configuration list for PBXNativeTarget "Groceries" */;
			buildPhases = (
				C97FD7AC1ADE5369004DB2A4 /* NativeScript PreBuild */,
				858B83F218CA22B800AB12DE /* Sources */,
				CD62955B1BB2651D00AE3A93 /* NativeScript PreLink */,
				858B83F418CA22B800AB12DE /* Frameworks */,
				858B842C18CA22B800AB12DE /* Resources */,
				85F5BDFC1A9363BE006B9701 /* Embed Frameworks */,
				CD3EAD351B05FF060042DBFC /* NativeScript PostBuild */,
			);
			buildRules = (
			);
			dependencies = (
			);
			name = Groceries;
			productName = JDBridgeApp;
			productReference = 858B843318CA22B800AB12DE /* Groceries.app */;
			productType = "com.apple.product-type.application";
		};
/* End PBXNativeTarget section */

/* Begin PBXProject section */
		858B832618CA111C00AB12DE /* Project object */ = {
			isa = PBXProject;
			attributes = {
				CLASSPREFIX = TNS;
				LastUpgradeCheck = 500;
				ORGANIZATIONNAME = Telerik;
			};
			buildConfigurationList = 858B832918CA111C00AB12DE /* Build configuration list for PBXProject "Groceries" */;
			compatibilityVersion = "Xcode 3.2";
			developmentRegion = English;
			hasScannedForEncodings = 0;
			knownRegions = (
				en,
			);
			mainGroup = 858B832518CA111C00AB12DE;
			productRefGroup = 858B832F18CA111C00AB12DE /* Products */;
			projectDirPath = "";
			projectRoot = "";
			targets = (
				858B83EF18CA22B800AB12DE /* Groceries */,
			);
		};
/* End PBXProject section */

/* Begin PBXResourcesBuildPhase section */
		858B842C18CA22B800AB12DE /* Resources */ = {
			isa = PBXResourcesBuildPhase;
			buildActionMask = 2147483647;
			files = (
				CD45EE7C18DC2D5800FB50C0 /* app in Resources */,
				858B842D18CA22B800AB12DE /* InfoPlist.strings in Resources */,
				3A6B0332B0014ADFBEA5649F /* Assets.xcassets in Resources */,
				81BD470686684D76877B5E88 /* Icon-60@3x.png in Resources */,
				04F9C882F95B405B8A705F7F /* Icon-Small-40.png in Resources */,
				E4A4EFDA7B1D45828DB1C422 /* Icon-Small-40@2x.png in Resources */,
				2532B48FB9F448249CEBA67C /* Icon-Small-40@3x.png in Resources */,
				EF65531011664206A091241B /* Icon-Small-50.png in Resources */,
				51CC5B439B21413BB7ED625A /* Icon-Small-50@2x.png in Resources */,
				0CC50B444CF34B5D88B6E1EB /* Icon-Small.png in Resources */,
				5067F09EF86444D89A7FFDB6 /* Icon-Small@2x.png in Resources */,
				40E33C58D0FD4379A61D40A2 /* Icon-Small@3x.png in Resources */,
				9AE131FD604F4420BEF389B9 /* LaunchScreen.storyboard in Resources */,
				9076D18A48A34C87A25D2E2F /* add.png in Resources */,
				4A95CA37789E46FA8FE966E9 /* add@2x.png in Resources */,
				6448902267364D8A85FB967F /* add@3x.png in Resources */,
				74510178F3D8474F8DA2687F /* apple.png in Resources */,
				C272C75CEAAC4FCE83407C5D /* apple@2x.png in Resources */,
				7101FECEBEDB469CA12FBB1D /* apple@3x.png in Resources */,
				17312F4AB8B249C187CE5A79 /* banana.png in Resources */,
				160588E12F2C4A0D98E942CF /* banana@2x.png in Resources */,
				B7130B8B08D34C0697E72C3B /* banana@3x.png in Resources */,
				D7001425629A40F6A1669826 /* bg_inner.jpg in Resources */,
				01F7F8F5DAC2434AB4770661 /* bg_inner@2x.jpg in Resources */,
				00225EEC7BDD47DDAC038F79 /* bg_inner@3x.jpg in Resources */,
				719E6D8604354610A397B665 /* bg_login.jpg in Resources */,
				BBEEBC628A744BDE86BD23B3 /* bg_login@2x.jpg in Resources */,
				FC124C3D0AAC4E9689FD7724 /* bg_login@3x.jpg in Resources */,
				E49A9E8EC4194ACAA258C5CC /* build.xcconfig in Resources */,
				90B5D71C45D5404B904F9AD6 /* checked.png in Resources */,
				6E1E76B45292486D8E45184C /* checked@2x.png in Resources */,
				357E40FE96FC460AA48B5BBA /* checked@3x.png in Resources */,
				8DA8A4E63575454EA19A8C13 /* checked_white.png in Resources */,
				191BA0B060E04EFAB72DC20C /* checked_white@2x.png in Resources */,
				FB5056C9E0E24F46A801087B /* checked_white@3x.png in Resources */,
				4176056B8DA643968A0DB68B /* delete.png in Resources */,
				F30CD17B16B64CD0A0DB7D96 /* delete@2x.png in Resources */,
				8AC5C7AAFBDB474A941937E5 /* delete@3x.png in Resources */,
				6BA8D40B2D3243ADA04EEE7D /* iTunesArtwork@2x.png in Resources */,
				25CF1CA7088A42AA99931063 /* icon-60.png in Resources */,
				57B29900F61541459C4552C7 /* icon-60@2x.png in Resources */,
				6FC22E3404D2464CB01FFDFC /* icon-72.png in Resources */,
				C584F0F276F743BA97CF7EA1 /* icon-72@2x.png in Resources */,
				C59D9B2245344F108FA17DDF /* icon-76.png in Resources */,
				DC67F628CE9045F786E130A2 /* icon-76@2x.png in Resources */,
				C4DF09555D304B75A05BF49F /* icon.png in Resources */,
				FD8FDA3E7400459188B9B3FE /* icon@2x.png in Resources */,
				41853B88CAC247F8AD45EE33 /* logo_login.png in Resources */,
				E611A9E429364ECD95310BD3 /* logo_login@2x.png in Resources */,
				21138B046FBF4BE8B51F9B27 /* logo_login@3x.png in Resources */,
				D20FF91A339447D5B8D94223 /* logo_signup.png in Resources */,
				F07CEC6F4BD7443C97AE0729 /* logo_signup@2x.png in Resources */,
				F8B33180AA084EB89935A05A /* logo_signup@3x.png in Resources */,
				3C237A5B5D824D6AA82D862E /* menu.png in Resources */,
				AB93868B9D284A5FA3432F1F /* menu@2x.png in Resources */,
				6F97AF517F544584AC7FE379 /* menu@3x.png in Resources */,
				AC9F0DB42CF541E2A4A58139 /* nonselected.png in Resources */,
				94C1BBD04F004382857D97A1 /* nonselected@2x.png in Resources */,
				B61AC74058C3406FA3062FBB /* nonselected@3x.png in Resources */,
				5AD45003A1FD48CCB9599217 /* pear.png in Resources */,
				F6EFB98A813F4043B6708868 /* pear@2x.png in Resources */,
				B6AFCB17AC734FA9B3679733 /* pear@3x.png in Resources */,
				C0518E33E7E948F59E92E5D1 /* recent.png in Resources */,
				DA36760608D84D48BD9C8262 /* recent@2x.png in Resources */,
				9EB5254E26F540F881D12E0C /* recent@3x.png in Resources */,
				7639ED61271144E28F28FA31 /* selected.png in Resources */,
				DCDBB9E9B44040998520AF3D /* selected@2x.png in Resources */,
				0D281F73A89E4CC6BAB1ACB9 /* selected@3x.png in Resources */,
				ED4A8BD31C234E919CA6A001 /* unchecked.png in Resources */,
				CC1522C65F914CC2AA825CDD /* unchecked@2x.png in Resources */,
				7066ABB58E2D4D7BB40F6EF7 /* unchecked@3x.png in Resources */,
				906861CFF3964D50A6B6F3C6 /* unchecked_white.png in Resources */,
				E42416DF7E7A4427AEB2EEA2 /* unchecked_white@2x.png in Resources */,
				08580A942FE7492F9C75B8C9 /* unchecked_white@3x.png in Resources */,
			);
			runOnlyForDeploymentPostprocessing = 0;
		};
/* End PBXResourcesBuildPhase section */

/* Begin PBXShellScriptBuildPhase section */
		C97FD7AC1ADE5369004DB2A4 /* NativeScript PreBuild */ = {
			isa = PBXShellScriptBuildPhase;
			buildActionMask = 2147483647;
			files = (
			);
			inputPaths = (
			);
			name = "NativeScript PreBuild";
			outputPaths = (
			);
			runOnlyForDeploymentPostprocessing = 0;
			shellPath = /bin/sh;
			shellScript = "\"$SRCROOT/internal/nativescript-pre-build\"";
			showEnvVarsInLog = 0;
		};
		CD3EAD351B05FF060042DBFC /* NativeScript PostBuild */ = {
			isa = PBXShellScriptBuildPhase;
			buildActionMask = 2147483647;
			files = (
			);
			inputPaths = (
			);
			name = "NativeScript PostBuild";
			outputPaths = (
			);
			runOnlyForDeploymentPostprocessing = 0;
			shellPath = /bin/sh;
			shellScript = "\"$SRCROOT/internal/nativescript-post-build\"";
			showEnvVarsInLog = 0;
		};
		CD62955B1BB2651D00AE3A93 /* NativeScript PreLink */ = {
			isa = PBXShellScriptBuildPhase;
			buildActionMask = 2147483647;
			files = (
			);
			inputPaths = (
			);
			name = "NativeScript PreLink";
			outputPaths = (
			);
			runOnlyForDeploymentPostprocessing = 0;
			shellPath = /bin/sh;
			shellScript = "\"$SRCROOT/internal/nativescript-pre-link\"";
			showEnvVarsInLog = 0;
		};
/* End PBXShellScriptBuildPhase section */

/* Begin PBXSourcesBuildPhase section */
		858B83F218CA22B800AB12DE /* Sources */ = {
			isa = PBXSourcesBuildPhase;
			buildActionMask = 2147483647;
			files = (
				CD62955D1BB2678900AE3A93 /* main.m in Sources */,
			);
			runOnlyForDeploymentPostprocessing = 0;
		};
/* End PBXSourcesBuildPhase section */

/* Begin PBXVariantGroup section */
		858B833A18CA111C00AB12DE /* InfoPlist.strings */ = {
			isa = PBXVariantGroup;
			children = (
				858B833B18CA111C00AB12DE /* en */,
			);
			name = InfoPlist.strings;
			sourceTree = "<group>";
		};
/* End PBXVariantGroup section */

/* Begin XCBuildConfiguration section */
		858B835818CA111C00AB12DE /* Debug */ = {
			isa = XCBuildConfiguration;
			buildSettings = {
				ALWAYS_SEARCH_USER_PATHS = NO;
				ARCHS = "$(ARCHS_STANDARD)";
				CLANG_CXX_LANGUAGE_STANDARD = "gnu++0x";
				CLANG_CXX_LIBRARY = "libc++";
				CLANG_ENABLE_MODULES = YES;
				CLANG_ENABLE_OBJC_ARC = YES;
				CLANG_WARN_BOOL_CONVERSION = YES;
				CLANG_WARN_CONSTANT_CONVERSION = YES;
				CLANG_WARN_DIRECT_OBJC_ISA_USAGE = YES_ERROR;
				CLANG_WARN_EMPTY_BODY = YES;
				CLANG_WARN_ENUM_CONVERSION = YES;
				CLANG_WARN_INT_CONVERSION = YES;
				CLANG_WARN_OBJC_ROOT_CLASS = YES_ERROR;
				CLANG_WARN__DUPLICATE_METHOD_MATCH = YES;
				"CODE_SIGN_IDENTITY[sdk=iphoneos*]" = "iPhone Developer";
				COPY_PHASE_STRIP = NO;
				GCC_C_LANGUAGE_STANDARD = gnu99;
				GCC_DYNAMIC_NO_PIC = NO;
				GCC_OPTIMIZATION_LEVEL = 0;
				GCC_SYMBOLS_PRIVATE_EXTERN = NO;
				GCC_WARN_64_TO_32_BIT_CONVERSION = YES;
				GCC_WARN_ABOUT_RETURN_TYPE = YES_ERROR;
				GCC_WARN_UNDECLARED_SELECTOR = YES;
				GCC_WARN_UNINITIALIZED_AUTOS = YES;
				GCC_WARN_UNUSED_FUNCTION = YES;
				GCC_WARN_UNUSED_VARIABLE = YES;
				IPHONEOS_DEPLOYMENT_TARGET = 8.0;
				ONLY_ACTIVE_ARCH = YES;
				SDKROOT = iphoneos;
				TARGETED_DEVICE_FAMILY = "1,2";
				VALID_ARCHS = "armv7 arm64";
			};
			name = Debug;
		};
		858B835918CA111C00AB12DE /* Release */ = {
			isa = XCBuildConfiguration;
			buildSettings = {
				ALWAYS_SEARCH_USER_PATHS = NO;
				ARCHS = "$(ARCHS_STANDARD)";
				CLANG_CXX_LANGUAGE_STANDARD = "gnu++0x";
				CLANG_CXX_LIBRARY = "libc++";
				CLANG_ENABLE_MODULES = YES;
				CLANG_ENABLE_OBJC_ARC = YES;
				CLANG_WARN_BOOL_CONVERSION = YES;
				CLANG_WARN_CONSTANT_CONVERSION = YES;
				CLANG_WARN_DIRECT_OBJC_ISA_USAGE = YES_ERROR;
				CLANG_WARN_EMPTY_BODY = YES;
				CLANG_WARN_ENUM_CONVERSION = YES;
				CLANG_WARN_INT_CONVERSION = YES;
				CLANG_WARN_OBJC_ROOT_CLASS = YES_ERROR;
				CLANG_WARN__DUPLICATE_METHOD_MATCH = YES;
				"CODE_SIGN_IDENTITY[sdk=iphoneos*]" = "iPhone Developer";
				COPY_PHASE_STRIP = YES;
				ENABLE_NS_ASSERTIONS = NO;
				GCC_C_LANGUAGE_STANDARD = gnu99;
				GCC_WARN_64_TO_32_BIT_CONVERSION = YES;
				GCC_WARN_ABOUT_RETURN_TYPE = YES_ERROR;
				GCC_WARN_UNDECLARED_SELECTOR = YES;
				GCC_WARN_UNINITIALIZED_AUTOS = YES;
				GCC_WARN_UNUSED_FUNCTION = YES;
				GCC_WARN_UNUSED_VARIABLE = YES;
				IPHONEOS_DEPLOYMENT_TARGET = 8.0;
				SDKROOT = iphoneos;
				TARGETED_DEVICE_FAMILY = "1,2";
				VALIDATE_PRODUCT = YES;
				VALID_ARCHS = "armv7 arm64";
			};
			name = Release;
		};
		858B843118CA22B800AB12DE /* Debug */ = {
			isa = XCBuildConfiguration;
			baseConfigurationReference = CDD59A261BB43B5D00EC2671 /* build-debug.xcconfig */;
			buildSettings = {
				ARCHS = "$(ARCHS_STANDARD)";
				CLANG_ENABLE_MODULES = NO;
				CLANG_MODULES_AUTOLINK = NO;
				ENABLE_BITCODE = NO;
				GCC_PRECOMPILE_PREFIX_HEADER = YES;
				GCC_PREFIX_HEADER = "Groceries/Groceries-Prefix.pch";
				GCC_PREPROCESSOR_DEFINITIONS = (
					"$(inherited)",
					"DEBUG=1",
				);
				INFOPLIST_FILE = "$(SRCROOT)/Groceries/Groceries-Info.plist";
				LD_RUNPATH_SEARCH_PATHS = "$(inherited) @executable_path/Frameworks";
				PRODUCT_NAME = Groceries;
				VALID_ARCHS = "armv7 arm64";
				WRAPPER_EXTENSION = app;
				FRAMEWORK_SEARCH_PATHS = (
					"$(inherited)",
					"\"$(SRCROOT)/../../node_modules/tns-core-modules-widgets/platforms/ios\"",
				);
			};
			name = Debug;
		};
		858B843218CA22B800AB12DE /* Release */ = {
			isa = XCBuildConfiguration;
			baseConfigurationReference = CDD59A271BB43B5D00EC2671 /* build-release.xcconfig */;
			buildSettings = {
				ARCHS = "$(ARCHS_STANDARD)";
				CLANG_ENABLE_MODULES = NO;
				CLANG_MODULES_AUTOLINK = NO;
				ENABLE_BITCODE = NO;
				GCC_PRECOMPILE_PREFIX_HEADER = YES;
				GCC_PREFIX_HEADER = "Groceries/Groceries-Prefix.pch";
				INFOPLIST_FILE = "$(SRCROOT)/Groceries/Groceries-Info.plist";
				LD_RUNPATH_SEARCH_PATHS = "$(inherited) @executable_path/Frameworks";
				PRODUCT_NAME = Groceries;
				VALID_ARCHS = "armv7 arm64";
				WRAPPER_EXTENSION = app;
				FRAMEWORK_SEARCH_PATHS = (
					"$(inherited)",
					"\"$(SRCROOT)/../../node_modules/tns-core-modules-widgets/platforms/ios\"",
				);
			};
			name = Release;
		};
/* End XCBuildConfiguration section */

/* Begin XCConfigurationList section */
		858B832918CA111C00AB12DE /* Build configuration list for PBXProject "Groceries" */ = {
			isa = XCConfigurationList;
			buildConfigurations = (
				858B835818CA111C00AB12DE /* Debug */,
				858B835918CA111C00AB12DE /* Release */,
			);
			defaultConfigurationIsVisible = 0;
			defaultConfigurationName = Release;
		};
		858B843018CA22B800AB12DE /* Build configuration list for PBXNativeTarget "Groceries" */ = {
			isa = XCConfigurationList;
			buildConfigurations = (
				858B843118CA22B800AB12DE /* Debug */,
				858B843218CA22B800AB12DE /* Release */,
			);
			defaultConfigurationIsVisible = 0;
			defaultConfigurationName = Release;
		};
/* End XCConfigurationList section */
	};
	rootObject = 858B832618CA111C00AB12DE /* Project object */;
}
