// !$*UTF8*$!
{
	archiveVersion = 1;
	classes = {
	};
	objectVersion = 46;
	objects = {
/* Begin PBXBuildFile section */
		858B842D18CA22B800AB12DE /* InfoPlist.strings in Resources */ = {isa = PBXBuildFile; fileRef = 858B833A18CA111C00AB12DE /* InfoPlist.strings */; };
		CD45EE7C18DC2D5800FB50C0 /* app in Resources */ = {isa = PBXBuildFile; fileRef = CD45EE7A18DC2D5800FB50C0 /* app */; };
		CD62955D1BB2678900AE3A93 /* main.m in Sources */ = {isa = PBXBuildFile; fileRef = CD62955C1BB2678900AE3A93 /* main.m */; };
		27C2CB9B9A9D444D9C55B81A /* Assets.xcassets in Resources */ = {isa = PBXBuildFile; fileRef = 09AF63DE220942938BAE5C9A /* Assets.xcassets */; };
		BA2018F198ED48EA87F618F6 /* Icon-60@3x.png in Resources */ = {isa = PBXBuildFile; fileRef = C7DB377CA8F142F38C4E175E /* Icon-60@3x.png */; };
		834C7CFEF4CC4165963717B8 /* Icon-Small-40.png in Resources */ = {isa = PBXBuildFile; fileRef = 715AF8B44CFC4A43A4345EE5 /* Icon-Small-40.png */; };
		9C2D3AEBE24C4E459F3F394B /* Icon-Small-40@2x.png in Resources */ = {isa = PBXBuildFile; fileRef = 77A270DBB133443090B2133F /* Icon-Small-40@2x.png */; };
		62841675AC474C64AB688DC1 /* Icon-Small-40@3x.png in Resources */ = {isa = PBXBuildFile; fileRef = EB58CD8150D247EBACC860EB /* Icon-Small-40@3x.png */; };
		25E1A0E0172A4B829E7C4D29 /* Icon-Small-50.png in Resources */ = {isa = PBXBuildFile; fileRef = 27B87DF3B55E4882A22E26C6 /* Icon-Small-50.png */; };
		A2CDE1EB123E4852A0E17A01 /* Icon-Small-50@2x.png in Resources */ = {isa = PBXBuildFile; fileRef = 5B6F46245ED149C2AD841FFD /* Icon-Small-50@2x.png */; };
		D92B6C8D08004B2DBB3F343B /* Icon-Small.png in Resources */ = {isa = PBXBuildFile; fileRef = 11A5F1D51637442BBD03534A /* Icon-Small.png */; };
		2AC4E5D84B5B4F9CAF34B65C /* Icon-Small@2x.png in Resources */ = {isa = PBXBuildFile; fileRef = 100F2B5231DE4BBDB3DDD9A7 /* Icon-Small@2x.png */; };
		3E29D985FC184D5FBEAEA584 /* Icon-Small@3x.png in Resources */ = {isa = PBXBuildFile; fileRef = E7733ADF1A1F4A978FE15342 /* Icon-Small@3x.png */; };
		C8A39A149C004903BC14F797 /* LaunchScreen.storyboard in Resources */ = {isa = PBXBuildFile; fileRef = 46157CBC8A5F4C5F99081813 /* LaunchScreen.storyboard */; };
		04F4FDE4AE0447E1B5192AB1 /* add.png in Resources */ = {isa = PBXBuildFile; fileRef = 7AEB185C5A514B6EA2759E18 /* add.png */; };
		8BD6326815EE4C3F9EFC71EC /* add@2x.png in Resources */ = {isa = PBXBuildFile; fileRef = C8BC6F36A7724DF9BFA58FF0 /* add@2x.png */; };
		73C54B21686E49FA805E60C1 /* add@3x.png in Resources */ = {isa = PBXBuildFile; fileRef = DEE9E5AF5BD742879FC5BC0D /* add@3x.png */; };
		8970AF957D65480E85D575FD /* apple.png in Resources */ = {isa = PBXBuildFile; fileRef = B662FF7A5BA546699B46E38B /* apple.png */; };
		898C9596E1C341F69CBD05FF /* apple@2x.png in Resources */ = {isa = PBXBuildFile; fileRef = DA56F71948124BE997380DCF /* apple@2x.png */; };
		132DFE4958004BDD8F610B98 /* apple@3x.png in Resources */ = {isa = PBXBuildFile; fileRef = 60FCCB2A8592432DB01EB52A /* apple@3x.png */; };
		28B9E183F75A4AD6A6BC99E7 /* banana.png in Resources */ = {isa = PBXBuildFile; fileRef = 2A57B0D04C7B42AA8929DB61 /* banana.png */; };
		B6E5B3F0B032448C8030C768 /* banana@2x.png in Resources */ = {isa = PBXBuildFile; fileRef = 9A69E34DAEC649FC91B92185 /* banana@2x.png */; };
		3C84AF36CDBC4F1CB3DC785B /* banana@3x.png in Resources */ = {isa = PBXBuildFile; fileRef = 04E78DA226E049F2B0814488 /* banana@3x.png */; };
		6DBFD836FB4D48B28355936E /* bg_inner.jpg in Resources */ = {isa = PBXBuildFile; fileRef = 7E250255073E4D20B3C6FFC6 /* bg_inner.jpg */; };
		5560452DA7654D7E9108973F /* bg_inner@2x.jpg in Resources */ = {isa = PBXBuildFile; fileRef = D99850FAB95448C58DD6933D /* bg_inner@2x.jpg */; };
		BF68A2203D6F421FAF80BBB2 /* bg_inner@3x.jpg in Resources */ = {isa = PBXBuildFile; fileRef = 055A93DEA038438AAE543344 /* bg_inner@3x.jpg */; };
		255486CF7EBC4494A3684EE6 /* bg_login.jpg in Resources */ = {isa = PBXBuildFile; fileRef = 02201E4939A541B3A1553AC2 /* bg_login.jpg */; };
		10D039DD5B47487DA7F94043 /* bg_login@2x.jpg in Resources */ = {isa = PBXBuildFile; fileRef = 0189DF6153694A0A9440DE25 /* bg_login@2x.jpg */; };
		5C8A07C756454ADEBF2308F3 /* bg_login@3x.jpg in Resources */ = {isa = PBXBuildFile; fileRef = 75C1BBFD54FE45EF90438F39 /* bg_login@3x.jpg */; };
		E117D25F52E243A4A0C62AB0 /* build.xcconfig in Resources */ = {isa = PBXBuildFile; fileRef = DA9A5826C54E4CCDB96E7CBD /* build.xcconfig */; };
		4A085D3CD0AA40518D6A70F9 /* checked.png in Resources */ = {isa = PBXBuildFile; fileRef = 6BA1670860404BDBB7FB852C /* checked.png */; };
		297664AA742843D7855853EE /* checked@2x.png in Resources */ = {isa = PBXBuildFile; fileRef = C888B66EC2F0469BB393397C /* checked@2x.png */; };
		28DC3C2C25964C53B4D8393C /* checked@3x.png in Resources */ = {isa = PBXBuildFile; fileRef = F120878F3EFA497594A642DB /* checked@3x.png */; };
		722B506298E749DBA397B6F0 /* checked_white.png in Resources */ = {isa = PBXBuildFile; fileRef = 70E8F932B32740F996540429 /* checked_white.png */; };
		D1CBA451CF7A4821A2CB4212 /* checked_white@2x.png in Resources */ = {isa = PBXBuildFile; fileRef = CCBDAA5D3FC741F399BE7131 /* checked_white@2x.png */; };
		E5085E196423405685C33DE0 /* checked_white@3x.png in Resources */ = {isa = PBXBuildFile; fileRef = 804197CB79D4454EBAF90C3D /* checked_white@3x.png */; };
		D5A7D84C22B346A6A4573F58 /* delete.png in Resources */ = {isa = PBXBuildFile; fileRef = AA447D511E364217889A5C69 /* delete.png */; };
		B8EAA77733404E629A0206D7 /* delete@2x.png in Resources */ = {isa = PBXBuildFile; fileRef = 38E6ADD623424C17A1EA2D1E /* delete@2x.png */; };
		786D44EC249E4B04BB4FC9B0 /* delete@3x.png in Resources */ = {isa = PBXBuildFile; fileRef = 86C91CF1C70942A0A1FB7E23 /* delete@3x.png */; };
		031BFAFA60D44F2583164C7E /* iTunesArtwork@2x.png in Resources */ = {isa = PBXBuildFile; fileRef = BC6641C508AD4AB38133B360 /* iTunesArtwork@2x.png */; };
		11945E4F8803438B8C076A07 /* icon-60.png in Resources */ = {isa = PBXBuildFile; fileRef = C86D9D4BE091453C932B545F /* icon-60.png */; };
		0E1D93E0017949C58F3A8478 /* icon-60@2x.png in Resources */ = {isa = PBXBuildFile; fileRef = B48D9A0AE9F44284BBB261C2 /* icon-60@2x.png */; };
		382876A578734272A76E83A3 /* icon-72.png in Resources */ = {isa = PBXBuildFile; fileRef = C9574436535C4677A5897A0D /* icon-72.png */; };
		D7081CDB32284668A30C5248 /* icon-72@2x.png in Resources */ = {isa = PBXBuildFile; fileRef = 43DD05E610D8402391B76ED6 /* icon-72@2x.png */; };
		0D8D5B11F2804DE6B6BB167F /* icon-76.png in Resources */ = {isa = PBXBuildFile; fileRef = 086669E22115474FAD427FE0 /* icon-76.png */; };
		9E995BA02CEE4DAAAC965182 /* icon-76@2x.png in Resources */ = {isa = PBXBuildFile; fileRef = 8875805609924D17B5B089F3 /* icon-76@2x.png */; };
		275D2E2FA39C463CAF76BC60 /* icon.png in Resources */ = {isa = PBXBuildFile; fileRef = 5CF6D1725AF84B2A923ED768 /* icon.png */; };
		BF04D703E5844A5CBFA77862 /* icon@2x.png in Resources */ = {isa = PBXBuildFile; fileRef = 078CA0245F0C40DE8EBC968F /* icon@2x.png */; };
		0AA3BC76B8BE47078766239F /* logo_login.png in Resources */ = {isa = PBXBuildFile; fileRef = D3C41A4F4AE94ECBB5DA98CE /* logo_login.png */; };
		189C6F03298B42CD86D3061C /* logo_login@2x.png in Resources */ = {isa = PBXBuildFile; fileRef = 0A98E1F6CECC4B469FE3816C /* logo_login@2x.png */; };
		CFE0B936AA5E480E9A6ECAB7 /* logo_login@3x.png in Resources */ = {isa = PBXBuildFile; fileRef = 53973FD13E2645AC830FC6FD /* logo_login@3x.png */; };
		CBCD45156DE544CF9785ED2A /* logo_signup.png in Resources */ = {isa = PBXBuildFile; fileRef = 87F0DECD510A404EA52D9D6A /* logo_signup.png */; };
		A4499409EA304DCCAF004C38 /* logo_signup@2x.png in Resources */ = {isa = PBXBuildFile; fileRef = 2B1063CFACD54A3E86E7356A /* logo_signup@2x.png */; };
		A06F56B7F3C44AC88E906463 /* logo_signup@3x.png in Resources */ = {isa = PBXBuildFile; fileRef = 634D3863EEAF41D68A3CBCD3 /* logo_signup@3x.png */; };
		76541419784847239A72877D /* menu.png in Resources */ = {isa = PBXBuildFile; fileRef = 76407EE6E1B84CB188863A21 /* menu.png */; };
		7C5181BD1E054926B2957490 /* menu@2x.png in Resources */ = {isa = PBXBuildFile; fileRef = F05CD900013B4C61ABC61400 /* menu@2x.png */; };
		6E8FCB8FD1034AD585507419 /* menu@3x.png in Resources */ = {isa = PBXBuildFile; fileRef = B853E853202E4596BBE3C188 /* menu@3x.png */; };
		F9E9F9510954480582292A2E /* nonselected.png in Resources */ = {isa = PBXBuildFile; fileRef = 808EC9D75B84463B87297EA1 /* nonselected.png */; };
		E2B86968D67748FAB11467BA /* nonselected@2x.png in Resources */ = {isa = PBXBuildFile; fileRef = 18F1DD5271AF49A5B6E1AFBE /* nonselected@2x.png */; };
		A70F5E10763243C5A7598C9F /* nonselected@3x.png in Resources */ = {isa = PBXBuildFile; fileRef = 93D665EF02614AC4AE74C98F /* nonselected@3x.png */; };
		55915110F6B04417A7830B31 /* pear.png in Resources */ = {isa = PBXBuildFile; fileRef = 3DE5AB38D9014A7FB0E1B6EB /* pear.png */; };
		9FA40A34460548D9979F70E7 /* pear@2x.png in Resources */ = {isa = PBXBuildFile; fileRef = E07F6C7417D749B6851482C5 /* pear@2x.png */; };
		AC451DEA9C31490295C49126 /* pear@3x.png in Resources */ = {isa = PBXBuildFile; fileRef = 053E994AD28B44DFAA2086DF /* pear@3x.png */; };
		1F9391F01C7646C8BC19FD05 /* recent.png in Resources */ = {isa = PBXBuildFile; fileRef = 52A5F1E51FD748EC815177B7 /* recent.png */; };
		08C673E895C145C9BF1760A8 /* recent@2x.png in Resources */ = {isa = PBXBuildFile; fileRef = 44072E5B20D14C6B85E76994 /* recent@2x.png */; };
		D49459EAA8054102A04E30AF /* recent@3x.png in Resources */ = {isa = PBXBuildFile; fileRef = 8853542A02114D7FB81EF2E3 /* recent@3x.png */; };
		44707305D34D4DBA88FCF015 /* selected.png in Resources */ = {isa = PBXBuildFile; fileRef = 35E454800323490B9C507B4E /* selected.png */; };
		1AEADC5C8428488389115F4F /* selected@2x.png in Resources */ = {isa = PBXBuildFile; fileRef = A9D3C7EBD8274C8FB227F99A /* selected@2x.png */; };
		76845B640EAD47399FBD6A53 /* selected@3x.png in Resources */ = {isa = PBXBuildFile; fileRef = E482403701D046B69C924447 /* selected@3x.png */; };
		FF8CB705636A4F58801F71F7 /* unchecked.png in Resources */ = {isa = PBXBuildFile; fileRef = B6FA1AE822304DF3AE7B219D /* unchecked.png */; };
		A5AF409C4A9A4F8E9F56C44A /* unchecked@2x.png in Resources */ = {isa = PBXBuildFile; fileRef = 10C54B2CF6BB4FB580E1AC99 /* unchecked@2x.png */; };
		F392610FCB3D4D6C995F1FAE /* unchecked@3x.png in Resources */ = {isa = PBXBuildFile; fileRef = E850AD27B6DB4DBB8F475680 /* unchecked@3x.png */; };
		B438FE90EFCA481DA90938D4 /* unchecked_white.png in Resources */ = {isa = PBXBuildFile; fileRef = FFE11136995E41D6A481ED78 /* unchecked_white.png */; };
		7DF4E251B9044029950834C8 /* unchecked_white@2x.png in Resources */ = {isa = PBXBuildFile; fileRef = 2FA8CA1BCFF14AC4940A2D58 /* unchecked_white@2x.png */; };
		E008F768A7AF4D7090B3066E /* unchecked_white@3x.png in Resources */ = {isa = PBXBuildFile; fileRef = F14C115E22F2455D92774B88 /* unchecked_white@3x.png */; };
		994E139151894E76BB1EA2B1 /* TNSWidgets.framework in Frameworks */ = {isa = PBXBuildFile; fileRef = EBF2510774A6451D872EF55F /* TNSWidgets.framework */; };
		95DB84FC91704BEC87C823D1 /* TNSWidgets.framework in Embed Frameworks */ = {isa = PBXBuildFile; fileRef = EBF2510774A6451D872EF55F /* TNSWidgets.framework */; settings = {ATTRIBUTES = (CodeSignOnCopy, RemoveHeadersOnCopy, ); }; };
/* End PBXBuildFile section */

/* Begin PBXCopyFilesBuildPhase section */
		85F5BDFC1A9363BE006B9701 /* Embed Frameworks */ = {
			isa = PBXCopyFilesBuildPhase;
			buildActionMask = 2147483647;
			dstPath = "";
			dstSubfolderSpec = 10;
			files = (
				95DB84FC91704BEC87C823D1 /* TNSWidgets.framework in Embed Frameworks */,
			);
			name = "Embed Frameworks";
			runOnlyForDeploymentPostprocessing = 0;
		};
/* End PBXCopyFilesBuildPhase section */

/* Begin PBXFileReference section */
		858B832E18CA111C00AB12DE /* Groceries.app */ = {isa = PBXFileReference; explicitFileType = wrapper.application; includeInIndex = 0; path = Groceries.app; sourceTree = BUILT_PRODUCTS_DIR; };
		858B833918CA111C00AB12DE /* Groceries-Info.plist */ = {isa = PBXFileReference; lastKnownFileType = text.plist.xml; path = "Groceries-Info.plist"; sourceTree = "<group>"; };
		858B833B18CA111C00AB12DE /* en */ = {isa = PBXFileReference; lastKnownFileType = text.plist.strings; name = en; path = en.lproj/InfoPlist.strings; sourceTree = "<group>"; };
		858B833F18CA111C00AB12DE /* Groceries-Prefix.pch */ = {isa = PBXFileReference; lastKnownFileType = sourcecode.c.h; path = "Groceries-Prefix.pch"; sourceTree = "<group>"; };
		858B843318CA22B800AB12DE /* Groceries.app */ = {isa = PBXFileReference; explicitFileType = wrapper.application; includeInIndex = 0; path = Groceries.app; sourceTree = BUILT_PRODUCTS_DIR; };
		CD45EE7A18DC2D5800FB50C0 /* app */ = {isa = PBXFileReference; lastKnownFileType = folder; path = app; sourceTree = "<group>"; };
		CD62955C1BB2678900AE3A93 /* main.m */ = {isa = PBXFileReference; fileEncoding = 4; lastKnownFileType = sourcecode.c.objc; name = main.m; path = internal/main.m; sourceTree = SOURCE_ROOT; };
		CDD59A261BB43B5D00EC2671 /* build-debug.xcconfig */ = {isa = PBXFileReference; fileEncoding = 4; lastKnownFileType = text.xcconfig; path = "build-debug.xcconfig"; sourceTree = "<group>"; };
		CDD59A271BB43B5D00EC2671 /* build-release.xcconfig */ = {isa = PBXFileReference; fileEncoding = 4; lastKnownFileType = text.xcconfig; path = "build-release.xcconfig"; sourceTree = "<group>"; };
		CDF4743E1BA4855C0087EA85 /* build.xcconfig */ = {isa = PBXFileReference; fileEncoding = 4; lastKnownFileType = text.xcconfig; path = build.xcconfig; sourceTree = "<group>"; };
		09AF63DE220942938BAE5C9A /* Assets.xcassets */ = {isa = PBXFileReference; lastKnownFileType = unknown; name = Assets.xcassets; path = "Groceries/Resources/Assets.xcassets"; sourceTree = "<group>"; fileEncoding = 4; };
		C7DB377CA8F142F38C4E175E /* Icon-60@3x.png */ = {isa = PBXFileReference; lastKnownFileType = image.png; name = "Icon-60@3x.png"; path = "Groceries/Resources/Icon-60@3x.png"; sourceTree = "<group>"; };
		715AF8B44CFC4A43A4345EE5 /* Icon-Small-40.png */ = {isa = PBXFileReference; lastKnownFileType = image.png; name = "Icon-Small-40.png"; path = "Groceries/Resources/Icon-Small-40.png"; sourceTree = "<group>"; };
		77A270DBB133443090B2133F /* Icon-Small-40@2x.png */ = {isa = PBXFileReference; lastKnownFileType = image.png; name = "Icon-Small-40@2x.png"; path = "Groceries/Resources/Icon-Small-40@2x.png"; sourceTree = "<group>"; };
		EB58CD8150D247EBACC860EB /* Icon-Small-40@3x.png */ = {isa = PBXFileReference; lastKnownFileType = image.png; name = "Icon-Small-40@3x.png"; path = "Groceries/Resources/Icon-Small-40@3x.png"; sourceTree = "<group>"; };
		27B87DF3B55E4882A22E26C6 /* Icon-Small-50.png */ = {isa = PBXFileReference; lastKnownFileType = image.png; name = "Icon-Small-50.png"; path = "Groceries/Resources/Icon-Small-50.png"; sourceTree = "<group>"; };
		5B6F46245ED149C2AD841FFD /* Icon-Small-50@2x.png */ = {isa = PBXFileReference; lastKnownFileType = image.png; name = "Icon-Small-50@2x.png"; path = "Groceries/Resources/Icon-Small-50@2x.png"; sourceTree = "<group>"; };
		11A5F1D51637442BBD03534A /* Icon-Small.png */ = {isa = PBXFileReference; lastKnownFileType = image.png; name = "Icon-Small.png"; path = "Groceries/Resources/Icon-Small.png"; sourceTree = "<group>"; };
		100F2B5231DE4BBDB3DDD9A7 /* Icon-Small@2x.png */ = {isa = PBXFileReference; lastKnownFileType = image.png; name = "Icon-Small@2x.png"; path = "Groceries/Resources/Icon-Small@2x.png"; sourceTree = "<group>"; };
		E7733ADF1A1F4A978FE15342 /* Icon-Small@3x.png */ = {isa = PBXFileReference; lastKnownFileType = image.png; name = "Icon-Small@3x.png"; path = "Groceries/Resources/Icon-Small@3x.png"; sourceTree = "<group>"; };
		46157CBC8A5F4C5F99081813 /* LaunchScreen.storyboard */ = {isa = PBXFileReference; lastKnownFileType = unknown; name = LaunchScreen.storyboard; path = "Groceries/Resources/LaunchScreen.storyboard"; sourceTree = "<group>"; fileEncoding = 4; };
		7AEB185C5A514B6EA2759E18 /* add.png */ = {isa = PBXFileReference; lastKnownFileType = image.png; name = add.png; path = "Groceries/Resources/add.png"; sourceTree = "<group>"; };
		C8BC6F36A7724DF9BFA58FF0 /* add@2x.png */ = {isa = PBXFileReference; lastKnownFileType = image.png; name = "add@2x.png"; path = "Groceries/Resources/add@2x.png"; sourceTree = "<group>"; };
		DEE9E5AF5BD742879FC5BC0D /* add@3x.png */ = {isa = PBXFileReference; lastKnownFileType = image.png; name = "add@3x.png"; path = "Groceries/Resources/add@3x.png"; sourceTree = "<group>"; };
		B662FF7A5BA546699B46E38B /* apple.png */ = {isa = PBXFileReference; lastKnownFileType = image.png; name = apple.png; path = "Groceries/Resources/apple.png"; sourceTree = "<group>"; };
		DA56F71948124BE997380DCF /* apple@2x.png */ = {isa = PBXFileReference; lastKnownFileType = image.png; name = "apple@2x.png"; path = "Groceries/Resources/apple@2x.png"; sourceTree = "<group>"; };
		60FCCB2A8592432DB01EB52A /* apple@3x.png */ = {isa = PBXFileReference; lastKnownFileType = image.png; name = "apple@3x.png"; path = "Groceries/Resources/apple@3x.png"; sourceTree = "<group>"; };
		2A57B0D04C7B42AA8929DB61 /* banana.png */ = {isa = PBXFileReference; lastKnownFileType = image.png; name = banana.png; path = "Groceries/Resources/banana.png"; sourceTree = "<group>"; };
		9A69E34DAEC649FC91B92185 /* banana@2x.png */ = {isa = PBXFileReference; lastKnownFileType = image.png; name = "banana@2x.png"; path = "Groceries/Resources/banana@2x.png"; sourceTree = "<group>"; };
		04E78DA226E049F2B0814488 /* banana@3x.png */ = {isa = PBXFileReference; lastKnownFileType = image.png; name = "banana@3x.png"; path = "Groceries/Resources/banana@3x.png"; sourceTree = "<group>"; };
		7E250255073E4D20B3C6FFC6 /* bg_inner.jpg */ = {isa = PBXFileReference; lastKnownFileType = unknown; name = bg_inner.jpg; path = "Groceries/Resources/bg_inner.jpg"; sourceTree = "<group>"; fileEncoding = 4; };
		D99850FAB95448C58DD6933D /* bg_inner@2x.jpg */ = {isa = PBXFileReference; lastKnownFileType = unknown; name = "bg_inner@2x.jpg"; path = "Groceries/Resources/bg_inner@2x.jpg"; sourceTree = "<group>"; fileEncoding = 4; };
		055A93DEA038438AAE543344 /* bg_inner@3x.jpg */ = {isa = PBXFileReference; lastKnownFileType = unknown; name = "bg_inner@3x.jpg"; path = "Groceries/Resources/bg_inner@3x.jpg"; sourceTree = "<group>"; fileEncoding = 4; };
		02201E4939A541B3A1553AC2 /* bg_login.jpg */ = {isa = PBXFileReference; lastKnownFileType = unknown; name = bg_login.jpg; path = "Groceries/Resources/bg_login.jpg"; sourceTree = "<group>"; fileEncoding = 4; };
		0189DF6153694A0A9440DE25 /* bg_login@2x.jpg */ = {isa = PBXFileReference; lastKnownFileType = unknown; name = "bg_login@2x.jpg"; path = "Groceries/Resources/bg_login@2x.jpg"; sourceTree = "<group>"; fileEncoding = 4; };
		75C1BBFD54FE45EF90438F39 /* bg_login@3x.jpg */ = {isa = PBXFileReference; lastKnownFileType = unknown; name = "bg_login@3x.jpg"; path = "Groceries/Resources/bg_login@3x.jpg"; sourceTree = "<group>"; fileEncoding = 4; };
		DA9A5826C54E4CCDB96E7CBD /* build.xcconfig */ = {isa = PBXFileReference; lastKnownFileType = unknown; name = build.xcconfig; path = "Groceries/Resources/build.xcconfig"; sourceTree = "<group>"; fileEncoding = 4; };
		6BA1670860404BDBB7FB852C /* checked.png */ = {isa = PBXFileReference; lastKnownFileType = image.png; name = checked.png; path = "Groceries/Resources/checked.png"; sourceTree = "<group>"; };
		C888B66EC2F0469BB393397C /* checked@2x.png */ = {isa = PBXFileReference; lastKnownFileType = image.png; name = "checked@2x.png"; path = "Groceries/Resources/checked@2x.png"; sourceTree = "<group>"; };
		F120878F3EFA497594A642DB /* checked@3x.png */ = {isa = PBXFileReference; lastKnownFileType = image.png; name = "checked@3x.png"; path = "Groceries/Resources/checked@3x.png"; sourceTree = "<group>"; };
		70E8F932B32740F996540429 /* checked_white.png */ = {isa = PBXFileReference; lastKnownFileType = image.png; name = checked_white.png; path = "Groceries/Resources/checked_white.png"; sourceTree = "<group>"; };
		CCBDAA5D3FC741F399BE7131 /* checked_white@2x.png */ = {isa = PBXFileReference; lastKnownFileType = image.png; name = "checked_white@2x.png"; path = "Groceries/Resources/checked_white@2x.png"; sourceTree = "<group>"; };
		804197CB79D4454EBAF90C3D /* checked_white@3x.png */ = {isa = PBXFileReference; lastKnownFileType = image.png; name = "checked_white@3x.png"; path = "Groceries/Resources/checked_white@3x.png"; sourceTree = "<group>"; };
		AA447D511E364217889A5C69 /* delete.png */ = {isa = PBXFileReference; lastKnownFileType = image.png; name = delete.png; path = "Groceries/Resources/delete.png"; sourceTree = "<group>"; };
		38E6ADD623424C17A1EA2D1E /* delete@2x.png */ = {isa = PBXFileReference; lastKnownFileType = image.png; name = "delete@2x.png"; path = "Groceries/Resources/delete@2x.png"; sourceTree = "<group>"; };
		86C91CF1C70942A0A1FB7E23 /* delete@3x.png */ = {isa = PBXFileReference; lastKnownFileType = image.png; name = "delete@3x.png"; path = "Groceries/Resources/delete@3x.png"; sourceTree = "<group>"; };
		BC6641C508AD4AB38133B360 /* iTunesArtwork@2x.png */ = {isa = PBXFileReference; lastKnownFileType = image.png; name = "iTunesArtwork@2x.png"; path = "Groceries/Resources/iTunesArtwork@2x.png"; sourceTree = "<group>"; };
		C86D9D4BE091453C932B545F /* icon-60.png */ = {isa = PBXFileReference; lastKnownFileType = image.png; name = "icon-60.png"; path = "Groceries/Resources/icon-60.png"; sourceTree = "<group>"; };
		B48D9A0AE9F44284BBB261C2 /* icon-60@2x.png */ = {isa = PBXFileReference; lastKnownFileType = image.png; name = "icon-60@2x.png"; path = "Groceries/Resources/icon-60@2x.png"; sourceTree = "<group>"; };
		C9574436535C4677A5897A0D /* icon-72.png */ = {isa = PBXFileReference; lastKnownFileType = image.png; name = "icon-72.png"; path = "Groceries/Resources/icon-72.png"; sourceTree = "<group>"; };
		43DD05E610D8402391B76ED6 /* icon-72@2x.png */ = {isa = PBXFileReference; lastKnownFileType = image.png; name = "icon-72@2x.png"; path = "Groceries/Resources/icon-72@2x.png"; sourceTree = "<group>"; };
		086669E22115474FAD427FE0 /* icon-76.png */ = {isa = PBXFileReference; lastKnownFileType = image.png; name = "icon-76.png"; path = "Groceries/Resources/icon-76.png"; sourceTree = "<group>"; };
		8875805609924D17B5B089F3 /* icon-76@2x.png */ = {isa = PBXFileReference; lastKnownFileType = image.png; name = "icon-76@2x.png"; path = "Groceries/Resources/icon-76@2x.png"; sourceTree = "<group>"; };
		5CF6D1725AF84B2A923ED768 /* icon.png */ = {isa = PBXFileReference; lastKnownFileType = image.png; name = icon.png; path = "Groceries/Resources/icon.png"; sourceTree = "<group>"; };
		078CA0245F0C40DE8EBC968F /* icon@2x.png */ = {isa = PBXFileReference; lastKnownFileType = image.png; name = "icon@2x.png"; path = "Groceries/Resources/icon@2x.png"; sourceTree = "<group>"; };
		D3C41A4F4AE94ECBB5DA98CE /* logo_login.png */ = {isa = PBXFileReference; lastKnownFileType = image.png; name = logo_login.png; path = "Groceries/Resources/logo_login.png"; sourceTree = "<group>"; };
		0A98E1F6CECC4B469FE3816C /* logo_login@2x.png */ = {isa = PBXFileReference; lastKnownFileType = image.png; name = "logo_login@2x.png"; path = "Groceries/Resources/logo_login@2x.png"; sourceTree = "<group>"; };
		53973FD13E2645AC830FC6FD /* logo_login@3x.png */ = {isa = PBXFileReference; lastKnownFileType = image.png; name = "logo_login@3x.png"; path = "Groceries/Resources/logo_login@3x.png"; sourceTree = "<group>"; };
		87F0DECD510A404EA52D9D6A /* logo_signup.png */ = {isa = PBXFileReference; lastKnownFileType = image.png; name = logo_signup.png; path = "Groceries/Resources/logo_signup.png"; sourceTree = "<group>"; };
		2B1063CFACD54A3E86E7356A /* logo_signup@2x.png */ = {isa = PBXFileReference; lastKnownFileType = image.png; name = "logo_signup@2x.png"; path = "Groceries/Resources/logo_signup@2x.png"; sourceTree = "<group>"; };
		634D3863EEAF41D68A3CBCD3 /* logo_signup@3x.png */ = {isa = PBXFileReference; lastKnownFileType = image.png; name = "logo_signup@3x.png"; path = "Groceries/Resources/logo_signup@3x.png"; sourceTree = "<group>"; };
		76407EE6E1B84CB188863A21 /* menu.png */ = {isa = PBXFileReference; lastKnownFileType = image.png; name = menu.png; path = "Groceries/Resources/menu.png"; sourceTree = "<group>"; };
		F05CD900013B4C61ABC61400 /* menu@2x.png */ = {isa = PBXFileReference; lastKnownFileType = image.png; name = "menu@2x.png"; path = "Groceries/Resources/menu@2x.png"; sourceTree = "<group>"; };
		B853E853202E4596BBE3C188 /* menu@3x.png */ = {isa = PBXFileReference; lastKnownFileType = image.png; name = "menu@3x.png"; path = "Groceries/Resources/menu@3x.png"; sourceTree = "<group>"; };
		808EC9D75B84463B87297EA1 /* nonselected.png */ = {isa = PBXFileReference; lastKnownFileType = image.png; name = nonselected.png; path = "Groceries/Resources/nonselected.png"; sourceTree = "<group>"; };
		18F1DD5271AF49A5B6E1AFBE /* nonselected@2x.png */ = {isa = PBXFileReference; lastKnownFileType = image.png; name = "nonselected@2x.png"; path = "Groceries/Resources/nonselected@2x.png"; sourceTree = "<group>"; };
		93D665EF02614AC4AE74C98F /* nonselected@3x.png */ = {isa = PBXFileReference; lastKnownFileType = image.png; name = "nonselected@3x.png"; path = "Groceries/Resources/nonselected@3x.png"; sourceTree = "<group>"; };
		3DE5AB38D9014A7FB0E1B6EB /* pear.png */ = {isa = PBXFileReference; lastKnownFileType = image.png; name = pear.png; path = "Groceries/Resources/pear.png"; sourceTree = "<group>"; };
		E07F6C7417D749B6851482C5 /* pear@2x.png */ = {isa = PBXFileReference; lastKnownFileType = image.png; name = "pear@2x.png"; path = "Groceries/Resources/pear@2x.png"; sourceTree = "<group>"; };
		053E994AD28B44DFAA2086DF /* pear@3x.png */ = {isa = PBXFileReference; lastKnownFileType = image.png; name = "pear@3x.png"; path = "Groceries/Resources/pear@3x.png"; sourceTree = "<group>"; };
		52A5F1E51FD748EC815177B7 /* recent.png */ = {isa = PBXFileReference; lastKnownFileType = image.png; name = recent.png; path = "Groceries/Resources/recent.png"; sourceTree = "<group>"; };
		44072E5B20D14C6B85E76994 /* recent@2x.png */ = {isa = PBXFileReference; lastKnownFileType = image.png; name = "recent@2x.png"; path = "Groceries/Resources/recent@2x.png"; sourceTree = "<group>"; };
		8853542A02114D7FB81EF2E3 /* recent@3x.png */ = {isa = PBXFileReference; lastKnownFileType = image.png; name = "recent@3x.png"; path = "Groceries/Resources/recent@3x.png"; sourceTree = "<group>"; };
		35E454800323490B9C507B4E /* selected.png */ = {isa = PBXFileReference; lastKnownFileType = image.png; name = selected.png; path = "Groceries/Resources/selected.png"; sourceTree = "<group>"; };
		A9D3C7EBD8274C8FB227F99A /* selected@2x.png */ = {isa = PBXFileReference; lastKnownFileType = image.png; name = "selected@2x.png"; path = "Groceries/Resources/selected@2x.png"; sourceTree = "<group>"; };
		E482403701D046B69C924447 /* selected@3x.png */ = {isa = PBXFileReference; lastKnownFileType = image.png; name = "selected@3x.png"; path = "Groceries/Resources/selected@3x.png"; sourceTree = "<group>"; };
		B6FA1AE822304DF3AE7B219D /* unchecked.png */ = {isa = PBXFileReference; lastKnownFileType = image.png; name = unchecked.png; path = "Groceries/Resources/unchecked.png"; sourceTree = "<group>"; };
		10C54B2CF6BB4FB580E1AC99 /* unchecked@2x.png */ = {isa = PBXFileReference; lastKnownFileType = image.png; name = "unchecked@2x.png"; path = "Groceries/Resources/unchecked@2x.png"; sourceTree = "<group>"; };
		E850AD27B6DB4DBB8F475680 /* unchecked@3x.png */ = {isa = PBXFileReference; lastKnownFileType = image.png; name = "unchecked@3x.png"; path = "Groceries/Resources/unchecked@3x.png"; sourceTree = "<group>"; };
		FFE11136995E41D6A481ED78 /* unchecked_white.png */ = {isa = PBXFileReference; lastKnownFileType = image.png; name = unchecked_white.png; path = "Groceries/Resources/unchecked_white.png"; sourceTree = "<group>"; };
		2FA8CA1BCFF14AC4940A2D58 /* unchecked_white@2x.png */ = {isa = PBXFileReference; lastKnownFileType = image.png; name = "unchecked_white@2x.png"; path = "Groceries/Resources/unchecked_white@2x.png"; sourceTree = "<group>"; };
		F14C115E22F2455D92774B88 /* unchecked_white@3x.png */ = {isa = PBXFileReference; lastKnownFileType = image.png; name = "unchecked_white@3x.png"; path = "Groceries/Resources/unchecked_white@3x.png"; sourceTree = "<group>"; };
		EBF2510774A6451D872EF55F /* TNSWidgets.framework */ = {isa = PBXFileReference; lastKnownFileType = wrapper.framework; name = TNSWidgets.framework; path = "$(SRCROOT)/../../node_modules/tns-core-modules-widgets/platforms/ios/TNSWidgets.framework"; sourceTree = "<group>"; };
/* End PBXFileReference section */

/* Begin PBXFrameworksBuildPhase section */
		858B83F418CA22B800AB12DE /* Frameworks */ = {
			isa = PBXFrameworksBuildPhase;
			buildActionMask = 2147483647;
			files = (
				994E139151894E76BB1EA2B1 /* TNSWidgets.framework in Frameworks */,
			);
			runOnlyForDeploymentPostprocessing = 0;
		};
/* End PBXFrameworksBuildPhase section */

/* Begin PBXGroup section */
		858B832518CA111C00AB12DE = {
			isa = PBXGroup;
			children = (
				E070579D1B39A9D000214BF1 /* Resources */,
				858B833718CA111C00AB12DE /* Groceries */,
				858B833018CA111C00AB12DE /* Frameworks */,
				858B832F18CA111C00AB12DE /* Products */,
			);
			sourceTree = "<group>";
		};
		858B832F18CA111C00AB12DE /* Products */ = {
			isa = PBXGroup;
			children = (
				858B832E18CA111C00AB12DE /* Groceries.app */,
				858B843318CA22B800AB12DE /* Groceries.app */,
			);
			name = Products;
			sourceTree = "<group>";
		};
		858B833018CA111C00AB12DE /* Frameworks */ = {
			isa = PBXGroup;
			children = (
				EBF2510774A6451D872EF55F /* TNSWidgets.framework */,
			);
			name = Frameworks;
			sourceTree = "<group>";
		};
		858B833718CA111C00AB12DE /* Groceries */ = {
			isa = PBXGroup;
			children = (
				CD45EE7A18DC2D5800FB50C0 /* app */,
				858B833818CA111C00AB12DE /* Supporting Files */,
			);
			path = Groceries;
			sourceTree = "<group>";
		};
		858B833818CA111C00AB12DE /* Supporting Files */ = {
			isa = PBXGroup;
			children = (
				CDF4743E1BA4855C0087EA85 /* build.xcconfig */,
				CDD59A261BB43B5D00EC2671 /* build-debug.xcconfig */,
				CDD59A271BB43B5D00EC2671 /* build-release.xcconfig */,
				858B833918CA111C00AB12DE /* Groceries-Info.plist */,
				858B833A18CA111C00AB12DE /* InfoPlist.strings */,
				CD62955C1BB2678900AE3A93 /* main.m */,
				858B833F18CA111C00AB12DE /* Groceries-Prefix.pch */,
			);
			name = "Supporting Files";
			sourceTree = "<group>";
		};
		E070579D1B39A9D000214BF1 /* Resources */ = {
			isa = PBXGroup;
			children = (
				09AF63DE220942938BAE5C9A /* Assets.xcassets */,
				C7DB377CA8F142F38C4E175E /* Icon-60@3x.png */,
				715AF8B44CFC4A43A4345EE5 /* Icon-Small-40.png */,
				77A270DBB133443090B2133F /* Icon-Small-40@2x.png */,
				EB58CD8150D247EBACC860EB /* Icon-Small-40@3x.png */,
				27B87DF3B55E4882A22E26C6 /* Icon-Small-50.png */,
				5B6F46245ED149C2AD841FFD /* Icon-Small-50@2x.png */,
				11A5F1D51637442BBD03534A /* Icon-Small.png */,
				100F2B5231DE4BBDB3DDD9A7 /* Icon-Small@2x.png */,
				E7733ADF1A1F4A978FE15342 /* Icon-Small@3x.png */,
				46157CBC8A5F4C5F99081813 /* LaunchScreen.storyboard */,
				7AEB185C5A514B6EA2759E18 /* add.png */,
				C8BC6F36A7724DF9BFA58FF0 /* add@2x.png */,
				DEE9E5AF5BD742879FC5BC0D /* add@3x.png */,
				B662FF7A5BA546699B46E38B /* apple.png */,
				DA56F71948124BE997380DCF /* apple@2x.png */,
				60FCCB2A8592432DB01EB52A /* apple@3x.png */,
				2A57B0D04C7B42AA8929DB61 /* banana.png */,
				9A69E34DAEC649FC91B92185 /* banana@2x.png */,
				04E78DA226E049F2B0814488 /* banana@3x.png */,
				7E250255073E4D20B3C6FFC6 /* bg_inner.jpg */,
				D99850FAB95448C58DD6933D /* bg_inner@2x.jpg */,
				055A93DEA038438AAE543344 /* bg_inner@3x.jpg */,
				02201E4939A541B3A1553AC2 /* bg_login.jpg */,
				0189DF6153694A0A9440DE25 /* bg_login@2x.jpg */,
				75C1BBFD54FE45EF90438F39 /* bg_login@3x.jpg */,
				DA9A5826C54E4CCDB96E7CBD /* build.xcconfig */,
				6BA1670860404BDBB7FB852C /* checked.png */,
				C888B66EC2F0469BB393397C /* checked@2x.png */,
				F120878F3EFA497594A642DB /* checked@3x.png */,
				70E8F932B32740F996540429 /* checked_white.png */,
				CCBDAA5D3FC741F399BE7131 /* checked_white@2x.png */,
				804197CB79D4454EBAF90C3D /* checked_white@3x.png */,
				AA447D511E364217889A5C69 /* delete.png */,
				38E6ADD623424C17A1EA2D1E /* delete@2x.png */,
				86C91CF1C70942A0A1FB7E23 /* delete@3x.png */,
				BC6641C508AD4AB38133B360 /* iTunesArtwork@2x.png */,
				C86D9D4BE091453C932B545F /* icon-60.png */,
				B48D9A0AE9F44284BBB261C2 /* icon-60@2x.png */,
				C9574436535C4677A5897A0D /* icon-72.png */,
				43DD05E610D8402391B76ED6 /* icon-72@2x.png */,
				086669E22115474FAD427FE0 /* icon-76.png */,
				8875805609924D17B5B089F3 /* icon-76@2x.png */,
				5CF6D1725AF84B2A923ED768 /* icon.png */,
				078CA0245F0C40DE8EBC968F /* icon@2x.png */,
				D3C41A4F4AE94ECBB5DA98CE /* logo_login.png */,
				0A98E1F6CECC4B469FE3816C /* logo_login@2x.png */,
				53973FD13E2645AC830FC6FD /* logo_login@3x.png */,
				87F0DECD510A404EA52D9D6A /* logo_signup.png */,
				2B1063CFACD54A3E86E7356A /* logo_signup@2x.png */,
				634D3863EEAF41D68A3CBCD3 /* logo_signup@3x.png */,
				76407EE6E1B84CB188863A21 /* menu.png */,
				F05CD900013B4C61ABC61400 /* menu@2x.png */,
				B853E853202E4596BBE3C188 /* menu@3x.png */,
				808EC9D75B84463B87297EA1 /* nonselected.png */,
				18F1DD5271AF49A5B6E1AFBE /* nonselected@2x.png */,
				93D665EF02614AC4AE74C98F /* nonselected@3x.png */,
				3DE5AB38D9014A7FB0E1B6EB /* pear.png */,
				E07F6C7417D749B6851482C5 /* pear@2x.png */,
				053E994AD28B44DFAA2086DF /* pear@3x.png */,
				52A5F1E51FD748EC815177B7 /* recent.png */,
				44072E5B20D14C6B85E76994 /* recent@2x.png */,
				8853542A02114D7FB81EF2E3 /* recent@3x.png */,
				35E454800323490B9C507B4E /* selected.png */,
				A9D3C7EBD8274C8FB227F99A /* selected@2x.png */,
				E482403701D046B69C924447 /* selected@3x.png */,
				B6FA1AE822304DF3AE7B219D /* unchecked.png */,
				10C54B2CF6BB4FB580E1AC99 /* unchecked@2x.png */,
				E850AD27B6DB4DBB8F475680 /* unchecked@3x.png */,
				FFE11136995E41D6A481ED78 /* unchecked_white.png */,
				2FA8CA1BCFF14AC4940A2D58 /* unchecked_white@2x.png */,
				F14C115E22F2455D92774B88 /* unchecked_white@3x.png */,
			);
			name = Resources;
			sourceTree = "<group>";
		};
/* End PBXGroup section */

/* Begin PBXNativeTarget section */
		858B83EF18CA22B800AB12DE /* Groceries */ = {
			isa = PBXNativeTarget;
			buildConfigurationList = 858B843018CA22B800AB12DE /* Build configuration list for PBXNativeTarget "Groceries" */;
			buildPhases = (
				C97FD7AC1ADE5369004DB2A4 /* NativeScript PreBuild */,
				858B83F218CA22B800AB12DE /* Sources */,
				CD62955B1BB2651D00AE3A93 /* NativeScript PreLink */,
				858B83F418CA22B800AB12DE /* Frameworks */,
				858B842C18CA22B800AB12DE /* Resources */,
				85F5BDFC1A9363BE006B9701 /* Embed Frameworks */,
				CD3EAD351B05FF060042DBFC /* NativeScript PostBuild */,
			);
			buildRules = (
			);
			dependencies = (
			);
			name = Groceries;
			productName = JDBridgeApp;
			productReference = 858B843318CA22B800AB12DE /* Groceries.app */;
			productType = "com.apple.product-type.application";
		};
/* End PBXNativeTarget section */

/* Begin PBXProject section */
		858B832618CA111C00AB12DE /* Project object */ = {
			isa = PBXProject;
			attributes = {
				CLASSPREFIX = TNS;
				LastUpgradeCheck = 500;
				ORGANIZATIONNAME = Telerik;
			};
			buildConfigurationList = 858B832918CA111C00AB12DE /* Build configuration list for PBXProject "Groceries" */;
			compatibilityVersion = "Xcode 3.2";
			developmentRegion = English;
			hasScannedForEncodings = 0;
			knownRegions = (
				en,
			);
			mainGroup = 858B832518CA111C00AB12DE;
			productRefGroup = 858B832F18CA111C00AB12DE /* Products */;
			projectDirPath = "";
			projectRoot = "";
			targets = (
				858B83EF18CA22B800AB12DE /* Groceries */,
			);
		};
/* End PBXProject section */

/* Begin PBXResourcesBuildPhase section */
		858B842C18CA22B800AB12DE /* Resources */ = {
			isa = PBXResourcesBuildPhase;
			buildActionMask = 2147483647;
			files = (
				CD45EE7C18DC2D5800FB50C0 /* app in Resources */,
				858B842D18CA22B800AB12DE /* InfoPlist.strings in Resources */,
				27C2CB9B9A9D444D9C55B81A /* Assets.xcassets in Resources */,
				BA2018F198ED48EA87F618F6 /* Icon-60@3x.png in Resources */,
				834C7CFEF4CC4165963717B8 /* Icon-Small-40.png in Resources */,
				9C2D3AEBE24C4E459F3F394B /* Icon-Small-40@2x.png in Resources */,
				62841675AC474C64AB688DC1 /* Icon-Small-40@3x.png in Resources */,
				25E1A0E0172A4B829E7C4D29 /* Icon-Small-50.png in Resources */,
				A2CDE1EB123E4852A0E17A01 /* Icon-Small-50@2x.png in Resources */,
				D92B6C8D08004B2DBB3F343B /* Icon-Small.png in Resources */,
				2AC4E5D84B5B4F9CAF34B65C /* Icon-Small@2x.png in Resources */,
				3E29D985FC184D5FBEAEA584 /* Icon-Small@3x.png in Resources */,
				C8A39A149C004903BC14F797 /* LaunchScreen.storyboard in Resources */,
				04F4FDE4AE0447E1B5192AB1 /* add.png in Resources */,
				8BD6326815EE4C3F9EFC71EC /* add@2x.png in Resources */,
				73C54B21686E49FA805E60C1 /* add@3x.png in Resources */,
				8970AF957D65480E85D575FD /* apple.png in Resources */,
				898C9596E1C341F69CBD05FF /* apple@2x.png in Resources */,
				132DFE4958004BDD8F610B98 /* apple@3x.png in Resources */,
				28B9E183F75A4AD6A6BC99E7 /* banana.png in Resources */,
				B6E5B3F0B032448C8030C768 /* banana@2x.png in Resources */,
				3C84AF36CDBC4F1CB3DC785B /* banana@3x.png in Resources */,
				6DBFD836FB4D48B28355936E /* bg_inner.jpg in Resources */,
				5560452DA7654D7E9108973F /* bg_inner@2x.jpg in Resources */,
				BF68A2203D6F421FAF80BBB2 /* bg_inner@3x.jpg in Resources */,
				255486CF7EBC4494A3684EE6 /* bg_login.jpg in Resources */,
				10D039DD5B47487DA7F94043 /* bg_login@2x.jpg in Resources */,
				5C8A07C756454ADEBF2308F3 /* bg_login@3x.jpg in Resources */,
				E117D25F52E243A4A0C62AB0 /* build.xcconfig in Resources */,
				4A085D3CD0AA40518D6A70F9 /* checked.png in Resources */,
				297664AA742843D7855853EE /* checked@2x.png in Resources */,
				28DC3C2C25964C53B4D8393C /* checked@3x.png in Resources */,
				722B506298E749DBA397B6F0 /* checked_white.png in Resources */,
				D1CBA451CF7A4821A2CB4212 /* checked_white@2x.png in Resources */,
				E5085E196423405685C33DE0 /* checked_white@3x.png in Resources */,
				D5A7D84C22B346A6A4573F58 /* delete.png in Resources */,
				B8EAA77733404E629A0206D7 /* delete@2x.png in Resources */,
				786D44EC249E4B04BB4FC9B0 /* delete@3x.png in Resources */,
				031BFAFA60D44F2583164C7E /* iTunesArtwork@2x.png in Resources */,
				11945E4F8803438B8C076A07 /* icon-60.png in Resources */,
				0E1D93E0017949C58F3A8478 /* icon-60@2x.png in Resources */,
				382876A578734272A76E83A3 /* icon-72.png in Resources */,
				D7081CDB32284668A30C5248 /* icon-72@2x.png in Resources */,
				0D8D5B11F2804DE6B6BB167F /* icon-76.png in Resources */,
				9E995BA02CEE4DAAAC965182 /* icon-76@2x.png in Resources */,
				275D2E2FA39C463CAF76BC60 /* icon.png in Resources */,
				BF04D703E5844A5CBFA77862 /* icon@2x.png in Resources */,
				0AA3BC76B8BE47078766239F /* logo_login.png in Resources */,
				189C6F03298B42CD86D3061C /* logo_login@2x.png in Resources */,
				CFE0B936AA5E480E9A6ECAB7 /* logo_login@3x.png in Resources */,
				CBCD45156DE544CF9785ED2A /* logo_signup.png in Resources */,
				A4499409EA304DCCAF004C38 /* logo_signup@2x.png in Resources */,
				A06F56B7F3C44AC88E906463 /* logo_signup@3x.png in Resources */,
				76541419784847239A72877D /* menu.png in Resources */,
				7C5181BD1E054926B2957490 /* menu@2x.png in Resources */,
				6E8FCB8FD1034AD585507419 /* menu@3x.png in Resources */,
				F9E9F9510954480582292A2E /* nonselected.png in Resources */,
				E2B86968D67748FAB11467BA /* nonselected@2x.png in Resources */,
				A70F5E10763243C5A7598C9F /* nonselected@3x.png in Resources */,
				55915110F6B04417A7830B31 /* pear.png in Resources */,
				9FA40A34460548D9979F70E7 /* pear@2x.png in Resources */,
				AC451DEA9C31490295C49126 /* pear@3x.png in Resources */,
				1F9391F01C7646C8BC19FD05 /* recent.png in Resources */,
				08C673E895C145C9BF1760A8 /* recent@2x.png in Resources */,
				D49459EAA8054102A04E30AF /* recent@3x.png in Resources */,
				44707305D34D4DBA88FCF015 /* selected.png in Resources */,
				1AEADC5C8428488389115F4F /* selected@2x.png in Resources */,
				76845B640EAD47399FBD6A53 /* selected@3x.png in Resources */,
				FF8CB705636A4F58801F71F7 /* unchecked.png in Resources */,
				A5AF409C4A9A4F8E9F56C44A /* unchecked@2x.png in Resources */,
				F392610FCB3D4D6C995F1FAE /* unchecked@3x.png in Resources */,
				B438FE90EFCA481DA90938D4 /* unchecked_white.png in Resources */,
				7DF4E251B9044029950834C8 /* unchecked_white@2x.png in Resources */,
				E008F768A7AF4D7090B3066E /* unchecked_white@3x.png in Resources */,
			);
			runOnlyForDeploymentPostprocessing = 0;
		};
/* End PBXResourcesBuildPhase section */

/* Begin PBXShellScriptBuildPhase section */
		C97FD7AC1ADE5369004DB2A4 /* NativeScript PreBuild */ = {
			isa = PBXShellScriptBuildPhase;
			buildActionMask = 2147483647;
			files = (
			);
			inputPaths = (
			);
			name = "NativeScript PreBuild";
			outputPaths = (
			);
			runOnlyForDeploymentPostprocessing = 0;
			shellPath = /bin/sh;
			shellScript = "\"$SRCROOT/internal/nativescript-pre-build\"";
			showEnvVarsInLog = 0;
		};
		CD3EAD351B05FF060042DBFC /* NativeScript PostBuild */ = {
			isa = PBXShellScriptBuildPhase;
			buildActionMask = 2147483647;
			files = (
			);
			inputPaths = (
			);
			name = "NativeScript PostBuild";
			outputPaths = (
			);
			runOnlyForDeploymentPostprocessing = 0;
			shellPath = /bin/sh;
			shellScript = "\"$SRCROOT/internal/nativescript-post-build\"";
			showEnvVarsInLog = 0;
		};
		CD62955B1BB2651D00AE3A93 /* NativeScript PreLink */ = {
			isa = PBXShellScriptBuildPhase;
			buildActionMask = 2147483647;
			files = (
			);
			inputPaths = (
			);
			name = "NativeScript PreLink";
			outputPaths = (
			);
			runOnlyForDeploymentPostprocessing = 0;
			shellPath = /bin/sh;
			shellScript = "\"$SRCROOT/internal/nativescript-pre-link\"";
			showEnvVarsInLog = 0;
		};
/* End PBXShellScriptBuildPhase section */

/* Begin PBXSourcesBuildPhase section */
		858B83F218CA22B800AB12DE /* Sources */ = {
			isa = PBXSourcesBuildPhase;
			buildActionMask = 2147483647;
			files = (
				CD62955D1BB2678900AE3A93 /* main.m in Sources */,
			);
			runOnlyForDeploymentPostprocessing = 0;
		};
/* End PBXSourcesBuildPhase section */

/* Begin PBXVariantGroup section */
		858B833A18CA111C00AB12DE /* InfoPlist.strings */ = {
			isa = PBXVariantGroup;
			children = (
				858B833B18CA111C00AB12DE /* en */,
			);
			name = InfoPlist.strings;
			sourceTree = "<group>";
		};
/* End PBXVariantGroup section */

/* Begin XCBuildConfiguration section */
		858B835818CA111C00AB12DE /* Debug */ = {
			isa = XCBuildConfiguration;
			buildSettings = {
				ALWAYS_SEARCH_USER_PATHS = NO;
				ARCHS = "$(ARCHS_STANDARD)";
				CLANG_CXX_LANGUAGE_STANDARD = "gnu++0x";
				CLANG_CXX_LIBRARY = "libc++";
				CLANG_ENABLE_MODULES = YES;
				CLANG_ENABLE_OBJC_ARC = YES;
				CLANG_WARN_BOOL_CONVERSION = YES;
				CLANG_WARN_CONSTANT_CONVERSION = YES;
				CLANG_WARN_DIRECT_OBJC_ISA_USAGE = YES_ERROR;
				CLANG_WARN_EMPTY_BODY = YES;
				CLANG_WARN_ENUM_CONVERSION = YES;
				CLANG_WARN_INT_CONVERSION = YES;
				CLANG_WARN_OBJC_ROOT_CLASS = YES_ERROR;
				CLANG_WARN__DUPLICATE_METHOD_MATCH = YES;
				"CODE_SIGN_IDENTITY[sdk=iphoneos*]" = "iPhone Developer";
				COPY_PHASE_STRIP = NO;
				GCC_C_LANGUAGE_STANDARD = gnu99;
				GCC_DYNAMIC_NO_PIC = NO;
				GCC_OPTIMIZATION_LEVEL = 0;
				GCC_SYMBOLS_PRIVATE_EXTERN = NO;
				GCC_WARN_64_TO_32_BIT_CONVERSION = YES;
				GCC_WARN_ABOUT_RETURN_TYPE = YES_ERROR;
				GCC_WARN_UNDECLARED_SELECTOR = YES;
				GCC_WARN_UNINITIALIZED_AUTOS = YES;
				GCC_WARN_UNUSED_FUNCTION = YES;
				GCC_WARN_UNUSED_VARIABLE = YES;
				IPHONEOS_DEPLOYMENT_TARGET = 8.0;
				ONLY_ACTIVE_ARCH = YES;
				SDKROOT = iphoneos;
				TARGETED_DEVICE_FAMILY = "1,2";
				VALID_ARCHS = "armv7 arm64";
			};
			name = Debug;
		};
		858B835918CA111C00AB12DE /* Release */ = {
			isa = XCBuildConfiguration;
			buildSettings = {
				ALWAYS_SEARCH_USER_PATHS = NO;
				ARCHS = "$(ARCHS_STANDARD)";
				CLANG_CXX_LANGUAGE_STANDARD = "gnu++0x";
				CLANG_CXX_LIBRARY = "libc++";
				CLANG_ENABLE_MODULES = YES;
				CLANG_ENABLE_OBJC_ARC = YES;
				CLANG_WARN_BOOL_CONVERSION = YES;
				CLANG_WARN_CONSTANT_CONVERSION = YES;
				CLANG_WARN_DIRECT_OBJC_ISA_USAGE = YES_ERROR;
				CLANG_WARN_EMPTY_BODY = YES;
				CLANG_WARN_ENUM_CONVERSION = YES;
				CLANG_WARN_INT_CONVERSION = YES;
				CLANG_WARN_OBJC_ROOT_CLASS = YES_ERROR;
				CLANG_WARN__DUPLICATE_METHOD_MATCH = YES;
				"CODE_SIGN_IDENTITY[sdk=iphoneos*]" = "iPhone Developer";
				COPY_PHASE_STRIP = YES;
				ENABLE_NS_ASSERTIONS = NO;
				GCC_C_LANGUAGE_STANDARD = gnu99;
				GCC_WARN_64_TO_32_BIT_CONVERSION = YES;
				GCC_WARN_ABOUT_RETURN_TYPE = YES_ERROR;
				GCC_WARN_UNDECLARED_SELECTOR = YES;
				GCC_WARN_UNINITIALIZED_AUTOS = YES;
				GCC_WARN_UNUSED_FUNCTION = YES;
				GCC_WARN_UNUSED_VARIABLE = YES;
				IPHONEOS_DEPLOYMENT_TARGET = 8.0;
				SDKROOT = iphoneos;
				TARGETED_DEVICE_FAMILY = "1,2";
				VALIDATE_PRODUCT = YES;
				VALID_ARCHS = "armv7 arm64";
			};
			name = Release;
		};
		858B843118CA22B800AB12DE /* Debug */ = {
			isa = XCBuildConfiguration;
			baseConfigurationReference = CDD59A261BB43B5D00EC2671 /* build-debug.xcconfig */;
			buildSettings = {
				ARCHS = "$(ARCHS_STANDARD)";
				CLANG_ENABLE_MODULES = NO;
				CLANG_MODULES_AUTOLINK = NO;
				ENABLE_BITCODE = NO;
				GCC_PRECOMPILE_PREFIX_HEADER = YES;
				GCC_PREFIX_HEADER = "Groceries/Groceries-Prefix.pch";
				GCC_PREPROCESSOR_DEFINITIONS = (
					"$(inherited)",
					"DEBUG=1",
				);
				INFOPLIST_FILE = "$(SRCROOT)/Groceries/Groceries-Info.plist";
				LD_RUNPATH_SEARCH_PATHS = "$(inherited) @executable_path/Frameworks";
				PRODUCT_NAME = Groceries;
				VALID_ARCHS = "armv7 arm64";
				WRAPPER_EXTENSION = app;
				FRAMEWORK_SEARCH_PATHS = (
					"$(inherited)",
					"\"$(SRCROOT)/../../node_modules/tns-core-modules-widgets/platforms/ios\"",
				);
			};
			name = Debug;
		};
		858B843218CA22B800AB12DE /* Release */ = {
			isa = XCBuildConfiguration;
			baseConfigurationReference = CDD59A271BB43B5D00EC2671 /* build-release.xcconfig */;
			buildSettings = {
				ARCHS = "$(ARCHS_STANDARD)";
				CLANG_ENABLE_MODULES = NO;
				CLANG_MODULES_AUTOLINK = NO;
				ENABLE_BITCODE = NO;
				GCC_PRECOMPILE_PREFIX_HEADER = YES;
				GCC_PREFIX_HEADER = "Groceries/Groceries-Prefix.pch";
				INFOPLIST_FILE = "$(SRCROOT)/Groceries/Groceries-Info.plist";
				LD_RUNPATH_SEARCH_PATHS = "$(inherited) @executable_path/Frameworks";
				PRODUCT_NAME = Groceries;
				VALID_ARCHS = "armv7 arm64";
				WRAPPER_EXTENSION = app;
				FRAMEWORK_SEARCH_PATHS = (
					"$(inherited)",
					"\"$(SRCROOT)/../../node_modules/tns-core-modules-widgets/platforms/ios\"",
				);
			};
			name = Release;
		};
/* End XCBuildConfiguration section */

/* Begin XCConfigurationList section */
		858B832918CA111C00AB12DE /* Build configuration list for PBXProject "Groceries" */ = {
			isa = XCConfigurationList;
			buildConfigurations = (
				858B835818CA111C00AB12DE /* Debug */,
				858B835918CA111C00AB12DE /* Release */,
			);
			defaultConfigurationIsVisible = 0;
			defaultConfigurationName = Release;
		};
		858B843018CA22B800AB12DE /* Build configuration list for PBXNativeTarget "Groceries" */ = {
			isa = XCConfigurationList;
			buildConfigurations = (
				858B843118CA22B800AB12DE /* Debug */,
				858B843218CA22B800AB12DE /* Release */,
			);
			defaultConfigurationIsVisible = 0;
			defaultConfigurationName = Release;
		};
/* End XCConfigurationList section */
	};
	rootObject = 858B832618CA111C00AB12DE /* Project object */;
}
